
Microsoft Visual Studio Solution File, Format Version 12.00
# Visual Studio Version 17
VisualStudioVersion = 17.13.35617.110
MinimumVisualStudioVersion = 10.0.40219.1
Project("{2150E333-8FDC-42A3-9474-1A3956D46DE8}") = "01-RabbitMQ-With-RabbitMQClient-EasyNETQ-Simple-Examples", "01-RabbitMQ-With-RabbitMQClient-EasyNETQ-Simple-Examples", "{02EA681E-C7D8-13C7-8484-4AC65E1B71E8}"
EndProject
Project("{2150E333-8FDC-42A3-9474-1A3956D46DE8}") = "02-RabbitMQ-Rebus-Examples", "02-RabbitMQ-Rebus-Examples", "{447D70A2-1B2F-4191-9419-4B59B31AC81B}"
EndProject
Project("{2150E333-8FDC-42A3-9474-1A3956D46DE8}") = "03-Kafka-Example-Confluent-Kafka-And-KafkaFlow", "03-Kafka-Example-Confluent-Kafka-And-KafkaFlow", "{1463F9BD-639D-4CAA-B2E6-6DCA2A95BA55}"
EndProject
Project("{2150E333-8FDC-42A3-9474-1A3956D46DE8}") = "1_Send_And_Recive-Simple", "1_Send_And_Recive-Simple", "{291DF0AF-3910-4274-8D66-E1DE28A871CC}"
EndProject
Project("{2150E333-8FDC-42A3-9474-1A3956D46DE8}") = "2_ExampleOfACK", "2_ExampleOfACK", "{AF780218-59FD-4B71-9B7B-3040408B0C01}"
EndProject
Project("{2150E333-8FDC-42A3-9474-1A3956D46DE8}") = "3-4-5-6-Exchange", "3-4-5-6-Exchange", "{75616A5E-1B16-4B51-A2AD-DC11BAE91D11}"
EndProject
Project("{2150E333-8FDC-42A3-9474-1A3956D46DE8}") = "EasyNetMQ", "EasyNetMQ", "{838BB0FA-BFA7-4679-83E2-195E29AF7EE1}"
EndProject
Project("{2150E333-8FDC-42A3-9474-1A3956D46DE8}") = "RabbitMQ_Client", "RabbitMQ_Client", "{454864A6-E8CE-420C-8F15-0BB5C41B9541}"
EndProject
Project("{FAE04EC0-301F-11D3-BF4B-00C04F79EFBC}") = "1EasyNetMQ.Common", "01-RabbitMQ\1_Send_And_Recive\EasyNetMQ\1EasyNetMQ.Common\1EasyNetMQ.Common.csproj", "{32D201CB-FFBB-52FF-828A-E11DEF1F27EE}"
EndProject
Project("{FAE04EC0-301F-11D3-BF4B-00C04F79EFBC}") = "1EasyNetMQ.Receive", "01-RabbitMQ\1_Send_And_Recive\EasyNetMQ\1EasyNetMQ.Receive\1EasyNetMQ.Receive.csproj", "{FCE879B0-216A-7969-2523-3CB22A3F6C14}"
EndProject
Project("{FAE04EC0-301F-11D3-BF4B-00C04F79EFBC}") = "1EasyNetMQ.Send", "..\KafkaRabbitMQExamples2025_2\1EasyNetMQ.Send\1EasyNetMQ.Send.csproj", "{60B49632-7A8C-2B32-54F7-964EB1401B9F}"
EndProject
Project("{FAE04EC0-301F-11D3-BF4B-00C04F79EFBC}") = "1RabbitMQ.Receive", "01-RabbitMQ\1_Send_And_Recive\RabbitMQ_Client\6.8.1\1RabbitMQ.Receive\1RabbitMQ.Receive.csproj", "{8B88975A-1397-F949-2BED-96AF345AB303}"
EndProject
Project("{FAE04EC0-301F-11D3-BF4B-00C04F79EFBC}") = "1RabbitMQ.Send", "01-RabbitMQ\1_Send_And_Recive\RabbitMQ_Client\6.8.1\1RabbitMQ.Send\1RabbitMQ.Send.csproj", "{352C098B-5AEE-2D31-B8BD-A0766BCCE722}"
EndProject
Project("{2150E333-8FDC-42A3-9474-1A3956D46DE8}") = "6", "6", "{6DE7D8F1-6AAB-4A26-BCF1-3C50803A4B5C}"
EndProject
Project("{2150E333-8FDC-42A3-9474-1A3956D46DE8}") = "7", "7", "{222F6311-851D-48CB-94F9-4E220CEA8B6E}"
EndProject
Project("{FAE04EC0-301F-11D3-BF4B-00C04F79EFBC}") = "1RabbitMQV7.Receive", "01-RabbitMQ\1_Send_And_Recive\RabbitMQ_Client\7.0.0\1RabbitMQV7.Receive\1RabbitMQV7.Receive.csproj", "{99FA331F-A8A2-96E4-860A-11B2077081AC}"
EndProject
Project("{FAE04EC0-301F-11D3-BF4B-00C04F79EFBC}") = "1RabbitMQV7.Send", "01-RabbitMQ\1_Send_And_Recive\RabbitMQ_Client\7.0.0\1RabbitMQV7.Send\1RabbitMQV7.Send.csproj", "{4893DA41-28DE-59D6-E8E9-A16CE4E2E787}"
EndProject
Global
	GlobalSection(SolutionConfigurationPlatforms) = preSolution
		Debug|Any CPU = Debug|Any CPU
		Release|Any CPU = Release|Any CPU
	EndGlobalSection
	GlobalSection(ProjectConfigurationPlatforms) = postSolution
		{32D201CB-FFBB-52FF-828A-E11DEF1F27EE}.Debug|Any CPU.ActiveCfg = Debug|Any CPU
		{32D201CB-FFBB-52FF-828A-E11DEF1F27EE}.Debug|Any CPU.Build.0 = Debug|Any CPU
		{32D201CB-FFBB-52FF-828A-E11DEF1F27EE}.Release|Any CPU.ActiveCfg = Release|Any CPU
		{32D201CB-FFBB-52FF-828A-E11DEF1F27EE}.Release|Any CPU.Build.0 = Release|Any CPU
		{FCE879B0-216A-7969-2523-3CB22A3F6C14}.Debug|Any CPU.ActiveCfg = Debug|Any CPU
		{FCE879B0-216A-7969-2523-3CB22A3F6C14}.Debug|Any CPU.Build.0 = Debug|Any CPU
		{FCE879B0-216A-7969-2523-3CB22A3F6C14}.Release|Any CPU.ActiveCfg = Release|Any CPU
		{FCE879B0-216A-7969-2523-3CB22A3F6C14}.Release|Any CPU.Build.0 = Release|Any CPU
		{60B49632-7A8C-2B32-54F7-964EB1401B9F}.Debug|Any CPU.ActiveCfg = Debug|Any CPU
		{60B49632-7A8C-2B32-54F7-964EB1401B9F}.Debug|Any CPU.Build.0 = Debug|Any CPU
		{60B49632-7A8C-2B32-54F7-964EB1401B9F}.Release|Any CPU.ActiveCfg = Release|Any CPU
		{60B49632-7A8C-2B32-54F7-964EB1401B9F}.Release|Any CPU.Build.0 = Release|Any CPU
		{8B88975A-1397-F949-2BED-96AF345AB303}.Debug|Any CPU.ActiveCfg = Debug|Any CPU
		{8B88975A-1397-F949-2BED-96AF345AB303}.Debug|Any CPU.Build.0 = Debug|Any CPU
		{8B88975A-1397-F949-2BED-96AF345AB303}.Release|Any CPU.ActiveCfg = Release|Any CPU
		{8B88975A-1397-F949-2BED-96AF345AB303}.Release|Any CPU.Build.0 = Release|Any CPU
		{352C098B-5AEE-2D31-B8BD-A0766BCCE722}.Debug|Any CPU.ActiveCfg = Debug|Any CPU
		{352C098B-5AEE-2D31-B8BD-A0766BCCE722}.Debug|Any CPU.Build.0 = Debug|Any CPU
		{352C098B-5AEE-2D31-B8BD-A0766BCCE722}.Release|Any CPU.ActiveCfg = Release|Any CPU
		{352C098B-5AEE-2D31-B8BD-A0766BCCE722}.Release|Any CPU.Build.0 = Release|Any CPU
		{99FA331F-A8A2-96E4-860A-11B2077081AC}.Debug|Any CPU.ActiveCfg = Debug|Any CPU
		{99FA331F-A8A2-96E4-860A-11B2077081AC}.Debug|Any CPU.Build.0 = Debug|Any CPU
		{99FA331F-A8A2-96E4-860A-11B2077081AC}.Release|Any CPU.ActiveCfg = Release|Any CPU
		{99FA331F-A8A2-96E4-860A-11B2077081AC}.Release|Any CPU.Build.0 = Release|Any CPU
		{4893DA41-28DE-59D6-E8E9-A16CE4E2E787}.Debug|Any CPU.ActiveCfg = Debug|Any CPU
		{4893DA41-28DE-59D6-E8E9-A16CE4E2E787}.Debug|Any CPU.Build.0 = Debug|Any CPU
		{4893DA41-28DE-59D6-E8E9-A16CE4E2E787}.Release|Any CPU.ActiveCfg = Release|Any CPU
		{4893DA41-28DE-59D6-E8E9-A16CE4E2E787}.Release|Any CPU.Build.0 = Release|Any CPU
	EndGlobalSection
	GlobalSection(SolutionProperties) = preSolution
		HideSolutionNode = FALSE
	EndGlobalSection
	GlobalSection(NestedProjects) = preSolution
		{291DF0AF-3910-4274-8D66-E1DE28A871CC} = {02EA681E-C7D8-13C7-8484-4AC65E1B71E8}
		{AF780218-59FD-4B71-9B7B-3040408B0C01} = {02EA681E-C7D8-13C7-8484-4AC65E1B71E8}
		{75616A5E-1B16-4B51-A2AD-DC11BAE91D11} = {02EA681E-C7D8-13C7-8484-4AC65E1B71E8}
		{838BB0FA-BFA7-4679-83E2-195E29AF7EE1} = {291DF0AF-3910-4274-8D66-E1DE28A871CC}
		{454864A6-E8CE-420C-8F15-0BB5C41B9541} = {291DF0AF-3910-4274-8D66-E1DE28A871CC}
		{32D201CB-FFBB-52FF-828A-E11DEF1F27EE} = {838BB0FA-BFA7-4679-83E2-195E29AF7EE1}
		{FCE879B0-216A-7969-2523-3CB22A3F6C14} = {838BB0FA-BFA7-4679-83E2-195E29AF7EE1}
		{60B49632-7A8C-2B32-54F7-964EB1401B9F} = {838BB0FA-BFA7-4679-83E2-195E29AF7EE1}
		{8B88975A-1397-F949-2BED-96AF345AB303} = {6DE7D8F1-6AAB-4A26-BCF1-3C50803A4B5C}
		{352C098B-5AEE-2D31-B8BD-A0766BCCE722} = {6DE7D8F1-6AAB-4A26-BCF1-3C50803A4B5C}
		{6DE7D8F1-6AAB-4A26-BCF1-3C50803A4B5C} = {454864A6-E8CE-420C-8F15-0BB5C41B9541}
		{222F6311-851D-48CB-94F9-4E220CEA8B6E} = {454864A6-E8CE-420C-8F15-0BB5C41B9541}
		{99FA331F-A8A2-96E4-860A-11B2077081AC} = {222F6311-851D-48CB-94F9-4E220CEA8B6E}
		{4893DA41-28DE-59D6-E8E9-A16CE4E2E787} = {222F6311-851D-48CB-94F9-4E220CEA8B6E}
	EndGlobalSection
	GlobalSection(ExtensibilityGlobals) = postSolution
		SolutionGuid = {4C9A5D53-7FE6-41D2-BECC-76F48A1A70C0}
	EndGlobalSection
EndGlobal
