
Microsoft Visual Studio Solution File, Format Version 12.00
# Visual Studio Version 17
VisualStudioVersion = 17.13.35617.110
MinimumVisualStudioVersion = 10.0.40219.1
Project("{2150E333-8FDC-42A3-9474-1A3956D46DE8}") = "01-RabbitMQ-With-RabbitMQClient-EasyNETQ-Simple-Examples", "01-RabbitMQ-With-RabbitMQClient-EasyNETQ-Simple-Examples", "{02EA681E-C7D8-13C7-8484-4AC65E1B71E8}"
EndProject
Project("{2150E333-8FDC-42A3-9474-1A3956D46DE8}") = "02-RabbitMQ-Rebus-Examples", "02-RabbitMQ-Rebus-Examples", "{447D70A2-1B2F-4191-9419-4B59B31AC81B}"
EndProject
Project("{2150E333-8FDC-42A3-9474-1A3956D46DE8}") = "03-Kafka-Example-Confluent-Kafka-And-KafkaFlow", "03-Kafka-Example-Confluent-Kafka-And-KafkaFlow", "{1463F9BD-639D-4CAA-B2E6-6DCA2A95BA55}"
EndProject
Project("{2150E333-8FDC-42A3-9474-1A3956D46DE8}") = "1_Send_And_Recive-Simple", "1_Send_And_Recive-Simple", "{291DF0AF-3910-4274-8D66-E1DE28A871CC}"
EndProject
Project("{2150E333-8FDC-42A3-9474-1A3956D46DE8}") = "2_ExampleOfACK", "2_ExampleOfACK", "{AF780218-59FD-4B71-9B7B-3040408B0C01}"
EndProject
Project("{2150E333-8FDC-42A3-9474-1A3956D46DE8}") = "3-4-5-6-Exchange", "3-4-5-6-Exchange", "{75616A5E-1B16-4B51-A2AD-DC11BAE91D11}"
EndProject
Project("{2150E333-8FDC-42A3-9474-1A3956D46DE8}") = "EasyNetMQ", "EasyNetMQ", "{838BB0FA-BFA7-4679-83E2-195E29AF7EE1}"
EndProject
Project("{2150E333-8FDC-42A3-9474-1A3956D46DE8}") = "RabbitMQ_Client", "RabbitMQ_Client", "{454864A6-E8CE-420C-8F15-0BB5C41B9541}"
EndProject
Project("{FAE04EC0-301F-11D3-BF4B-00C04F79EFBC}") = "1EasyNetMQ.Common", "01-RabbitMQ\1_Send_And_Recive\EasyNetMQ\1EasyNetMQ.Common\1EasyNetMQ.Common.csproj", "{32D201CB-FFBB-52FF-828A-E11DEF1F27EE}"
EndProject
Project("{FAE04EC0-301F-11D3-BF4B-00C04F79EFBC}") = "1EasyNetMQ.Receive", "01-RabbitMQ\1_Send_And_Recive\EasyNetMQ\1EasyNetMQ.Receive\1EasyNetMQ.Receive.csproj", "{FCE879B0-216A-7969-2523-3CB22A3F6C14}"
EndProject
Project("{FAE04EC0-301F-11D3-BF4B-00C04F79EFBC}") = "1EasyNetMQ.Send", "..\KafkaRabbitMQExamples2025_2\1EasyNetMQ.Send\1EasyNetMQ.Send.csproj", "{60B49632-7A8C-2B32-54F7-964EB1401B9F}"
EndProject
Project("{FAE04EC0-301F-11D3-BF4B-00C04F79EFBC}") = "1RabbitMQ.Receive", "01-RabbitMQ\1_Send_And_Recive\RabbitMQ_Client\6.8.1\1RabbitMQ.Receive\1RabbitMQ.Receive.csproj", "{8B88975A-1397-F949-2BED-96AF345AB303}"
EndProject
Project("{FAE04EC0-301F-11D3-BF4B-00C04F79EFBC}") = "1RabbitMQ.Send", "01-RabbitMQ\1_Send_And_Recive\RabbitMQ_Client\6.8.1\1RabbitMQ.Send\1RabbitMQ.Send.csproj", "{352C098B-5AEE-2D31-B8BD-A0766BCCE722}"
EndProject
Project("{2150E333-8FDC-42A3-9474-1A3956D46DE8}") = "6", "6", "{6DE7D8F1-6AAB-4A26-BCF1-3C50803A4B5C}"
EndProject
Project("{2150E333-8FDC-42A3-9474-1A3956D46DE8}") = "7", "7", "{222F6311-851D-48CB-94F9-4E220CEA8B6E}"
EndProject
Project("{FAE04EC0-301F-11D3-BF4B-00C04F79EFBC}") = "1RabbitMQV7.Receive", "01-RabbitMQ\1_Send_And_Recive\RabbitMQ_Client\7.0.0\1RabbitMQV7.Receive\1RabbitMQV7.Receive.csproj", "{99FA331F-A8A2-96E4-860A-11B2077081AC}"
EndProject
Project("{FAE04EC0-301F-11D3-BF4B-00C04F79EFBC}") = "1RabbitMQV7.Send", "01-RabbitMQ\1_Send_And_Recive\RabbitMQ_Client\7.0.0\1RabbitMQV7.Send\1RabbitMQV7.Send.csproj", "{4893DA41-28DE-59D6-E8E9-A16CE4E2E787}"
EndProject
Project("{2150E333-8FDC-42A3-9474-1A3956D46DE8}") = "EasyNetMQ", "EasyNetMQ", "{C95B9939-A850-4352-9F9D-1B7C7D043886}"
EndProject
Project("{FAE04EC0-301F-11D3-BF4B-00C04F79EFBC}") = "2EasyNetMQ.NewJob.Sender", "01-RabbitMQ\2_ExampleOf_ACK\EasyNetQ\2EasyNetMQ.NewJob.Sender\2EasyNetMQ.NewJob.Sender.csproj", "{07F79BC8-26EC-DFC1-815B-B026BDA3911F}"
EndProject
Project("{FAE04EC0-301F-11D3-BF4B-00C04F79EFBC}") = "2EasyNetMQ.NewJob.Worker.Reciver", "01-RabbitMQ\2_ExampleOf_ACK\EasyNetQ\2EasyNetMQ.NewJob.Worker.Reciver\2EasyNetMQ.NewJob.Worker.Reciver.csproj", "{50DD9243-2BC0-DFCC-E0D8-2150D1D74F58}"
EndProject
Project("{FAE04EC0-301F-11D3-BF4B-00C04F79EFBC}") = "2EasyNetMQ.NewJob.WorkerThatCanFail.Reciver", "01-RabbitMQ\2_ExampleOf_ACK\EasyNetQ\2EasyNetMQ.NewJob.WorkerThatCanFail.Reciver\2EasyNetMQ.NewJob.WorkerThatCanFail.Reciver.csproj", "{421E357C-CFBC-D4F0-E44A-63EC325591AD}"
EndProject
Project("{2150E333-8FDC-42A3-9474-1A3956D46DE8}") = "RabbitMQ_Client", "RabbitMQ_Client", "{3E2BAD0C-8E24-4F08-8242-97A940939926}"
EndProject
Project("{2150E333-8FDC-42A3-9474-1A3956D46DE8}") = "6", "6", "{64601C84-8C7D-4D04-B862-527A760BD684}"
EndProject
Project("{2150E333-8FDC-42A3-9474-1A3956D46DE8}") = "7", "7", "{E4462A6C-FCB5-4A8A-97BC-2CD3B8790325}"
EndProject
Project("{FAE04EC0-301F-11D3-BF4B-00C04F79EFBC}") = "NewJob.Common", "01-RabbitMQ\2_ExampleOf_ACK\NewJob.Common\NewJob.Common.csproj", "{50C8B03C-05F9-4EDA-AF62-9A3BCE434C24}"
EndProject
Project("{FAE04EC0-301F-11D3-BF4B-00C04F79EFBC}") = "2RabbitMQV7.NewJob.Worker.Reciver", "01-RabbitMQ\2_ExampleOf_ACK\RabbitMQ_Client\7.0.0\2RabbitMQV7.NewJob.Worker.Reciver\2RabbitMQV7.NewJob.Worker.Reciver.csproj", "{5A1E5974-6450-4F57-B9C4-6DEA41731BD1}"
EndProject
Project("{FAE04EC0-301F-11D3-BF4B-00C04F79EFBC}") = "2RabbitMQV7.NewJob.Sender", "01-RabbitMQ\2_ExampleOf_ACK\RabbitMQ_Client\7.0.0\2RabbitMQV7.NewJob.Sender\2RabbitMQV7.NewJob.Sender.csproj", "{778DA7C1-A650-429C-A234-3F6BEA6DAA1C}"
EndProject
Project("{FAE04EC0-301F-11D3-BF4B-00C04F79EFBC}") = "2RabbitMQV7.NewJob.WorkerThatCanFail.Reciver", "01-RabbitMQ\2_ExampleOf_ACK\RabbitMQ_Client\7.0.0\2RabbitMQV7.NewJob.WorkerThatCanFail.Reciver\2RabbitMQV7.NewJob.WorkerThatCanFail.Reciver.csproj", "{E959FA85-7662-40BB-A210-1DF1655F82F6}"
EndProject
Project("{FAE04EC0-301F-11D3-BF4B-00C04F79EFBC}") = "2RabbitMQ.NewJob.Sender", "01-RabbitMQ\2_ExampleOf_ACK\RabbitMQ_Client\6.8.1\2RabbitMQ.NewJob.Sender\2RabbitMQ.NewJob.Sender.csproj", "{9B6DDC8B-7DD9-423F-8BEF-E1822F96A4BF}"
EndProject
Project("{FAE04EC0-301F-11D3-BF4B-00C04F79EFBC}") = "2RabbitMQ.NewJob.Worker.Reciver", "01-RabbitMQ\2_ExampleOf_ACK\RabbitMQ_Client\6.8.1\2RabbitMQ.NewJob.Worker.Reciver\2RabbitMQ.NewJob.Worker.Reciver.csproj", "{400E2E39-F7DB-4A50-B20B-E9D7656FBEA5}"
EndProject
Project("{FAE04EC0-301F-11D3-BF4B-00C04F79EFBC}") = "2RabbitMQ.NewJob.WorkerThatCanFail.Reciver", "01-RabbitMQ\2_ExampleOf_ACK\RabbitMQ_Client\6.8.1\2RabbitMQ.NewJob.WorkerThatCanFail.Reciver\2RabbitMQ.NewJob.WorkerThatCanFail.Reciver.csproj", "{B427E845-43F5-4D1D-847A-143A2C861EF5}"
EndProject
Project("{2150E333-8FDC-42A3-9474-1A3956D46DE8}") = "3_Publish_And_Subscribe-Sending-messages-to-many-consumers-at-once", "3_Publish_And_Subscribe-Sending-messages-to-many-consumers-at-once", "{51300405-5343-4CBC-98D1-69B276E52982}"
EndProject
Project("{2150E333-8FDC-42A3-9474-1A3956D46DE8}") = "4_Routing-Receiving messages selectively", "4_Routing-Receiving messages selectively", "{10685981-893C-42DF-985E-8C4A32ED5ECD}"
EndProject
Project("{2150E333-8FDC-42A3-9474-1A3956D46DE8}") = "5_Topics-Receiving messages based on a pattern", "5_Topics-Receiving messages based on a pattern", "{C9955F5F-D0BA-42B4-9373-9110E38A2C6A}"
EndProject
Project("{2150E333-8FDC-42A3-9474-1A3956D46DE8}") = "EasyNetMQ", "EasyNetMQ", "{74FAEBBF-4D26-4800-AFD1-C4EB816BA874}"
EndProject
Project("{2150E333-8FDC-42A3-9474-1A3956D46DE8}") = "EasyNetMQ", "EasyNetMQ", "{5A6F8BB8-1A32-4D8B-8190-31BB47FA91AB}"
EndProject
Project("{2150E333-8FDC-42A3-9474-1A3956D46DE8}") = "EasyNetMQ", "EasyNetMQ", "{CF212254-0BAC-45F0-A8F3-E3D072285E79}"
EndProject
Project("{2150E333-8FDC-42A3-9474-1A3956D46DE8}") = "RabbitMQ_Client", "RabbitMQ_Client", "{7AF023DD-8641-4F13-B8D1-21C7B520BB40}"
EndProject
Project("{2150E333-8FDC-42A3-9474-1A3956D46DE8}") = "RabbitMQ_Client", "RabbitMQ_Client", "{DF4071EC-BFDA-4694-A997-AE1F7D27C682}"
EndProject
Project("{2150E333-8FDC-42A3-9474-1A3956D46DE8}") = "RabbitMQ_Client", "RabbitMQ_Client", "{242A63CD-ED8B-4200-87F2-5D33E70F16F1}"
EndProject
Global
	GlobalSection(SolutionConfigurationPlatforms) = preSolution
		Debug|Any CPU = Debug|Any CPU
		Release|Any CPU = Release|Any CPU
	EndGlobalSection
	GlobalSection(ProjectConfigurationPlatforms) = postSolution
		{32D201CB-FFBB-52FF-828A-E11DEF1F27EE}.Debug|Any CPU.ActiveCfg = Debug|Any CPU
		{32D201CB-FFBB-52FF-828A-E11DEF1F27EE}.Debug|Any CPU.Build.0 = Debug|Any CPU
		{32D201CB-FFBB-52FF-828A-E11DEF1F27EE}.Release|Any CPU.ActiveCfg = Release|Any CPU
		{32D201CB-FFBB-52FF-828A-E11DEF1F27EE}.Release|Any CPU.Build.0 = Release|Any CPU
		{FCE879B0-216A-7969-2523-3CB22A3F6C14}.Debug|Any CPU.ActiveCfg = Debug|Any CPU
		{FCE879B0-216A-7969-2523-3CB22A3F6C14}.Debug|Any CPU.Build.0 = Debug|Any CPU
		{FCE879B0-216A-7969-2523-3CB22A3F6C14}.Release|Any CPU.ActiveCfg = Release|Any CPU
		{FCE879B0-216A-7969-2523-3CB22A3F6C14}.Release|Any CPU.Build.0 = Release|Any CPU
		{60B49632-7A8C-2B32-54F7-964EB1401B9F}.Debug|Any CPU.ActiveCfg = Debug|Any CPU
		{60B49632-7A8C-2B32-54F7-964EB1401B9F}.Debug|Any CPU.Build.0 = Debug|Any CPU
		{60B49632-7A8C-2B32-54F7-964EB1401B9F}.Release|Any CPU.ActiveCfg = Release|Any CPU
		{60B49632-7A8C-2B32-54F7-964EB1401B9F}.Release|Any CPU.Build.0 = Release|Any CPU
		{8B88975A-1397-F949-2BED-96AF345AB303}.Debug|Any CPU.ActiveCfg = Debug|Any CPU
		{8B88975A-1397-F949-2BED-96AF345AB303}.Debug|Any CPU.Build.0 = Debug|Any CPU
		{8B88975A-1397-F949-2BED-96AF345AB303}.Release|Any CPU.ActiveCfg = Release|Any CPU
		{8B88975A-1397-F949-2BED-96AF345AB303}.Release|Any CPU.Build.0 = Release|Any CPU
		{352C098B-5AEE-2D31-B8BD-A0766BCCE722}.Debug|Any CPU.ActiveCfg = Debug|Any CPU
		{352C098B-5AEE-2D31-B8BD-A0766BCCE722}.Debug|Any CPU.Build.0 = Debug|Any CPU
		{352C098B-5AEE-2D31-B8BD-A0766BCCE722}.Release|Any CPU.ActiveCfg = Release|Any CPU
		{352C098B-5AEE-2D31-B8BD-A0766BCCE722}.Release|Any CPU.Build.0 = Release|Any CPU
		{99FA331F-A8A2-96E4-860A-11B2077081AC}.Debug|Any CPU.ActiveCfg = Debug|Any CPU
		{99FA331F-A8A2-96E4-860A-11B2077081AC}.Debug|Any CPU.Build.0 = Debug|Any CPU
		{99FA331F-A8A2-96E4-860A-11B2077081AC}.Release|Any CPU.ActiveCfg = Release|Any CPU
		{99FA331F-A8A2-96E4-860A-11B2077081AC}.Release|Any CPU.Build.0 = Release|Any CPU
		{4893DA41-28DE-59D6-E8E9-A16CE4E2E787}.Debug|Any CPU.ActiveCfg = Debug|Any CPU
		{4893DA41-28DE-59D6-E8E9-A16CE4E2E787}.Debug|Any CPU.Build.0 = Debug|Any CPU
		{4893DA41-28DE-59D6-E8E9-A16CE4E2E787}.Release|Any CPU.ActiveCfg = Release|Any CPU
		{4893DA41-28DE-59D6-E8E9-A16CE4E2E787}.Release|Any CPU.Build.0 = Release|Any CPU
		{07F79BC8-26EC-DFC1-815B-B026BDA3911F}.Debug|Any CPU.ActiveCfg = Debug|Any CPU
		{07F79BC8-26EC-DFC1-815B-B026BDA3911F}.Debug|Any CPU.Build.0 = Debug|Any CPU
		{07F79BC8-26EC-DFC1-815B-B026BDA3911F}.Release|Any CPU.ActiveCfg = Release|Any CPU
		{07F79BC8-26EC-DFC1-815B-B026BDA3911F}.Release|Any CPU.Build.0 = Release|Any CPU
		{50DD9243-2BC0-DFCC-E0D8-2150D1D74F58}.Debug|Any CPU.ActiveCfg = Debug|Any CPU
		{50DD9243-2BC0-DFCC-E0D8-2150D1D74F58}.Debug|Any CPU.Build.0 = Debug|Any CPU
		{50DD9243-2BC0-DFCC-E0D8-2150D1D74F58}.Release|Any CPU.ActiveCfg = Release|Any CPU
		{50DD9243-2BC0-DFCC-E0D8-2150D1D74F58}.Release|Any CPU.Build.0 = Release|Any CPU
		{421E357C-CFBC-D4F0-E44A-63EC325591AD}.Debug|Any CPU.ActiveCfg = Debug|Any CPU
		{421E357C-CFBC-D4F0-E44A-63EC325591AD}.Debug|Any CPU.Build.0 = Debug|Any CPU
		{421E357C-CFBC-D4F0-E44A-63EC325591AD}.Release|Any CPU.ActiveCfg = Release|Any CPU
		{421E357C-CFBC-D4F0-E44A-63EC325591AD}.Release|Any CPU.Build.0 = Release|Any CPU
		{50C8B03C-05F9-4EDA-AF62-9A3BCE434C24}.Debug|Any CPU.ActiveCfg = Debug|Any CPU
		{50C8B03C-05F9-4EDA-AF62-9A3BCE434C24}.Debug|Any CPU.Build.0 = Debug|Any CPU
		{50C8B03C-05F9-4EDA-AF62-9A3BCE434C24}.Release|Any CPU.ActiveCfg = Release|Any CPU
		{50C8B03C-05F9-4EDA-AF62-9A3BCE434C24}.Release|Any CPU.Build.0 = Release|Any CPU
		{5A1E5974-6450-4F57-B9C4-6DEA41731BD1}.Debug|Any CPU.ActiveCfg = Debug|Any CPU
		{5A1E5974-6450-4F57-B9C4-6DEA41731BD1}.Debug|Any CPU.Build.0 = Debug|Any CPU
		{5A1E5974-6450-4F57-B9C4-6DEA41731BD1}.Release|Any CPU.ActiveCfg = Release|Any CPU
		{5A1E5974-6450-4F57-B9C4-6DEA41731BD1}.Release|Any CPU.Build.0 = Release|Any CPU
		{778DA7C1-A650-429C-A234-3F6BEA6DAA1C}.Debug|Any CPU.ActiveCfg = Debug|Any CPU
		{778DA7C1-A650-429C-A234-3F6BEA6DAA1C}.Debug|Any CPU.Build.0 = Debug|Any CPU
		{778DA7C1-A650-429C-A234-3F6BEA6DAA1C}.Release|Any CPU.ActiveCfg = Release|Any CPU
		{778DA7C1-A650-429C-A234-3F6BEA6DAA1C}.Release|Any CPU.Build.0 = Release|Any CPU
		{E959FA85-7662-40BB-A210-1DF1655F82F6}.Debug|Any CPU.ActiveCfg = Debug|Any CPU
		{E959FA85-7662-40BB-A210-1DF1655F82F6}.Debug|Any CPU.Build.0 = Debug|Any CPU
		{E959FA85-7662-40BB-A210-1DF1655F82F6}.Release|Any CPU.ActiveCfg = Release|Any CPU
		{E959FA85-7662-40BB-A210-1DF1655F82F6}.Release|Any CPU.Build.0 = Release|Any CPU
		{9B6DDC8B-7DD9-423F-8BEF-E1822F96A4BF}.Debug|Any CPU.ActiveCfg = Debug|Any CPU
		{9B6DDC8B-7DD9-423F-8BEF-E1822F96A4BF}.Debug|Any CPU.Build.0 = Debug|Any CPU
		{9B6DDC8B-7DD9-423F-8BEF-E1822F96A4BF}.Release|Any CPU.ActiveCfg = Release|Any CPU
		{9B6DDC8B-7DD9-423F-8BEF-E1822F96A4BF}.Release|Any CPU.Build.0 = Release|Any CPU
		{400E2E39-F7DB-4A50-B20B-E9D7656FBEA5}.Debug|Any CPU.ActiveCfg = Debug|Any CPU
		{400E2E39-F7DB-4A50-B20B-E9D7656FBEA5}.Debug|Any CPU.Build.0 = Debug|Any CPU
		{400E2E39-F7DB-4A50-B20B-E9D7656FBEA5}.Release|Any CPU.ActiveCfg = Release|Any CPU
		{400E2E39-F7DB-4A50-B20B-E9D7656FBEA5}.Release|Any CPU.Build.0 = Release|Any CPU
		{B427E845-43F5-4D1D-847A-143A2C861EF5}.Debug|Any CPU.ActiveCfg = Debug|Any CPU
		{B427E845-43F5-4D1D-847A-143A2C861EF5}.Debug|Any CPU.Build.0 = Debug|Any CPU
		{B427E845-43F5-4D1D-847A-143A2C861EF5}.Release|Any CPU.ActiveCfg = Release|Any CPU
		{B427E845-43F5-4D1D-847A-143A2C861EF5}.Release|Any CPU.Build.0 = Release|Any CPU
	EndGlobalSection
	GlobalSection(SolutionProperties) = preSolution
		HideSolutionNode = FALSE
	EndGlobalSection
	GlobalSection(NestedProjects) = preSolution
		{291DF0AF-3910-4274-8D66-E1DE28A871CC} = {02EA681E-C7D8-13C7-8484-4AC65E1B71E8}
		{AF780218-59FD-4B71-9B7B-3040408B0C01} = {02EA681E-C7D8-13C7-8484-4AC65E1B71E8}
		{75616A5E-1B16-4B51-A2AD-DC11BAE91D11} = {02EA681E-C7D8-13C7-8484-4AC65E1B71E8}
		{838BB0FA-BFA7-4679-83E2-195E29AF7EE1} = {291DF0AF-3910-4274-8D66-E1DE28A871CC}
		{454864A6-E8CE-420C-8F15-0BB5C41B9541} = {291DF0AF-3910-4274-8D66-E1DE28A871CC}
		{32D201CB-FFBB-52FF-828A-E11DEF1F27EE} = {838BB0FA-BFA7-4679-83E2-195E29AF7EE1}
		{FCE879B0-216A-7969-2523-3CB22A3F6C14} = {838BB0FA-BFA7-4679-83E2-195E29AF7EE1}
		{60B49632-7A8C-2B32-54F7-964EB1401B9F} = {838BB0FA-BFA7-4679-83E2-195E29AF7EE1}
		{8B88975A-1397-F949-2BED-96AF345AB303} = {6DE7D8F1-6AAB-4A26-BCF1-3C50803A4B5C}
		{352C098B-5AEE-2D31-B8BD-A0766BCCE722} = {6DE7D8F1-6AAB-4A26-BCF1-3C50803A4B5C}
		{6DE7D8F1-6AAB-4A26-BCF1-3C50803A4B5C} = {454864A6-E8CE-420C-8F15-0BB5C41B9541}
		{222F6311-851D-48CB-94F9-4E220CEA8B6E} = {454864A6-E8CE-420C-8F15-0BB5C41B9541}
		{99FA331F-A8A2-96E4-860A-11B2077081AC} = {222F6311-851D-48CB-94F9-4E220CEA8B6E}
		{4893DA41-28DE-59D6-E8E9-A16CE4E2E787} = {222F6311-851D-48CB-94F9-4E220CEA8B6E}
		{C95B9939-A850-4352-9F9D-1B7C7D043886} = {AF780218-59FD-4B71-9B7B-3040408B0C01}
		{07F79BC8-26EC-DFC1-815B-B026BDA3911F} = {C95B9939-A850-4352-9F9D-1B7C7D043886}
		{50DD9243-2BC0-DFCC-E0D8-2150D1D74F58} = {C95B9939-A850-4352-9F9D-1B7C7D043886}
		{421E357C-CFBC-D4F0-E44A-63EC325591AD} = {C95B9939-A850-4352-9F9D-1B7C7D043886}
		{3E2BAD0C-8E24-4F08-8242-97A940939926} = {AF780218-59FD-4B71-9B7B-3040408B0C01}
		{64601C84-8C7D-4D04-B862-527A760BD684} = {3E2BAD0C-8E24-4F08-8242-97A940939926}
		{E4462A6C-FCB5-4A8A-97BC-2CD3B8790325} = {3E2BAD0C-8E24-4F08-8242-97A940939926}
		{50C8B03C-05F9-4EDA-AF62-9A3BCE434C24} = {AF780218-59FD-4B71-9B7B-3040408B0C01}
		{5A1E5974-6450-4F57-B9C4-6DEA41731BD1} = {E4462A6C-FCB5-4A8A-97BC-2CD3B8790325}
		{778DA7C1-A650-429C-A234-3F6BEA6DAA1C} = {E4462A6C-FCB5-4A8A-97BC-2CD3B8790325}
		{E959FA85-7662-40BB-A210-1DF1655F82F6} = {E4462A6C-FCB5-4A8A-97BC-2CD3B8790325}
		{9B6DDC8B-7DD9-423F-8BEF-E1822F96A4BF} = {64601C84-8C7D-4D04-B862-527A760BD684}
		{400E2E39-F7DB-4A50-B20B-E9D7656FBEA5} = {64601C84-8C7D-4D04-B862-527A760BD684}
		{B427E845-43F5-4D1D-847A-143A2C861EF5} = {64601C84-8C7D-4D04-B862-527A760BD684}
		{51300405-5343-4CBC-98D1-69B276E52982} = {75616A5E-1B16-4B51-A2AD-DC11BAE91D11}
		{10685981-893C-42DF-985E-8C4A32ED5ECD} = {75616A5E-1B16-4B51-A2AD-DC11BAE91D11}
		{C9955F5F-D0BA-42B4-9373-9110E38A2C6A} = {75616A5E-1B16-4B51-A2AD-DC11BAE91D11}
		{74FAEBBF-4D26-4800-AFD1-C4EB816BA874} = {51300405-5343-4CBC-98D1-69B276E52982}
		{5A6F8BB8-1A32-4D8B-8190-31BB47FA91AB} = {10685981-893C-42DF-985E-8C4A32ED5ECD}
		{CF212254-0BAC-45F0-A8F3-E3D072285E79} = {C9955F5F-D0BA-42B4-9373-9110E38A2C6A}
		{7AF023DD-8641-4F13-B8D1-21C7B520BB40} = {51300405-5343-4CBC-98D1-69B276E52982}
		{DF4071EC-BFDA-4694-A997-AE1F7D27C682} = {10685981-893C-42DF-985E-8C4A32ED5ECD}
		{242A63CD-ED8B-4200-87F2-5D33E70F16F1} = {C9955F5F-D0BA-42B4-9373-9110E38A2C6A}
	EndGlobalSection
	GlobalSection(ExtensibilityGlobals) = postSolution
		SolutionGuid = {4C9A5D53-7FE6-41D2-BECC-76F48A1A70C0}
	EndGlobalSection
EndGlobal
