
Microsoft Visual Studio Solution File, Format Version 12.00
# Visual Studio Version 17
VisualStudioVersion = 17.13.35617.110
MinimumVisualStudioVersion = 10.0.40219.1
Project("{2150E333-8FDC-42A3-9474-1A3956D46DE8}") = "01-RabbitMQ-With-RabbitMQClient-EasyNETQ-Simple-Examples", "01-RabbitMQ-With-RabbitMQClient-EasyNETQ-Simple-Examples", "{02EA681E-C7D8-13C7-8484-4AC65E1B71E8}"
EndProject
Project("{2150E333-8FDC-42A3-9474-1A3956D46DE8}") = "02-RabbitMQ-Rebus-Examples", "02-RabbitMQ-Rebus-Examples", "{447D70A2-1B2F-4191-9419-4B59B31AC81B}"
EndProject
Project("{2150E333-8FDC-42A3-9474-1A3956D46DE8}") = "03-Kafka-Example-Confluent-Kafka-And-KafkaFlow", "03-Kafka-Example-Confluent-Kafka-And-KafkaFlow", "{1463F9BD-639D-4CAA-B2E6-6DCA2A95BA55}"
EndProject
Project("{2150E333-8FDC-42A3-9474-1A3956D46DE8}") = "1_Send_And_Recive-Simple", "1_Send_And_Recive-Simple", "{291DF0AF-3910-4274-8D66-E1DE28A871CC}"
EndProject
Project("{2150E333-8FDC-42A3-9474-1A3956D46DE8}") = "2_ExampleOfACK", "2_ExampleOfACK", "{AF780218-59FD-4B71-9B7B-3040408B0C01}"
EndProject
Project("{2150E333-8FDC-42A3-9474-1A3956D46DE8}") = "3-4-5-6-Exchange", "3-4-5-6-Exchange", "{75616A5E-1B16-4B51-A2AD-DC11BAE91D11}"
EndProject
Project("{2150E333-8FDC-42A3-9474-1A3956D46DE8}") = "EasyNetMQ", "EasyNetMQ", "{838BB0FA-BFA7-4679-83E2-195E29AF7EE1}"
EndProject
Project("{2150E333-8FDC-42A3-9474-1A3956D46DE8}") = "RabbitMQ_Client", "RabbitMQ_Client", "{454864A6-E8CE-420C-8F15-0BB5C41B9541}"
EndProject
Project("{FAE04EC0-301F-11D3-BF4B-00C04F79EFBC}") = "1EasyNetMQ.Common", "01-RabbitMQ\1_Send_And_Recive\EasyNetMQ\1EasyNetMQ.Common\1EasyNetMQ.Common.csproj", "{32D201CB-FFBB-52FF-828A-E11DEF1F27EE}"
EndProject
Project("{FAE04EC0-301F-11D3-BF4B-00C04F79EFBC}") = "1EasyNetMQ.Receive", "01-RabbitMQ\1_Send_And_Recive\EasyNetMQ\1EasyNetMQ.Receive\1EasyNetMQ.Receive.csproj", "{FCE879B0-216A-7969-2523-3CB22A3F6C14}"
EndProject
Project("{FAE04EC0-301F-11D3-BF4B-00C04F79EFBC}") = "1EasyNetMQ.Send", "..\KafkaRabbitMQExamples2025_2\1EasyNetMQ.Send\1EasyNetMQ.Send.csproj", "{60B49632-7A8C-2B32-54F7-964EB1401B9F}"
EndProject
Project("{FAE04EC0-301F-11D3-BF4B-00C04F79EFBC}") = "1RabbitMQ.Receive", "01-RabbitMQ\1_Send_And_Recive\RabbitMQ_Client\6.8.1\1RabbitMQ.Receive\1RabbitMQ.Receive.csproj", "{8B88975A-1397-F949-2BED-96AF345AB303}"
EndProject
Project("{FAE04EC0-301F-11D3-BF4B-00C04F79EFBC}") = "1RabbitMQ.Send", "01-RabbitMQ\1_Send_And_Recive\RabbitMQ_Client\6.8.1\1RabbitMQ.Send\1RabbitMQ.Send.csproj", "{352C098B-5AEE-2D31-B8BD-A0766BCCE722}"
EndProject
Project("{2150E333-8FDC-42A3-9474-1A3956D46DE8}") = "6", "6", "{6DE7D8F1-6AAB-4A26-BCF1-3C50803A4B5C}"
EndProject
Project("{2150E333-8FDC-42A3-9474-1A3956D46DE8}") = "7", "7", "{222F6311-851D-48CB-94F9-4E220CEA8B6E}"
EndProject
Project("{FAE04EC0-301F-11D3-BF4B-00C04F79EFBC}") = "1RabbitMQV7.Receive", "01-RabbitMQ\1_Send_And_Recive\RabbitMQ_Client\7.0.0\1RabbitMQV7.Receive\1RabbitMQV7.Receive.csproj", "{99FA331F-A8A2-96E4-860A-11B2077081AC}"
EndProject
Project("{FAE04EC0-301F-11D3-BF4B-00C04F79EFBC}") = "1RabbitMQV7.Send", "01-RabbitMQ\1_Send_And_Recive\RabbitMQ_Client\7.0.0\1RabbitMQV7.Send\1RabbitMQV7.Send.csproj", "{4893DA41-28DE-59D6-E8E9-A16CE4E2E787}"
EndProject
Project("{2150E333-8FDC-42A3-9474-1A3956D46DE8}") = "EasyNetMQ", "EasyNetMQ", "{C95B9939-A850-4352-9F9D-1B7C7D043886}"
EndProject
Project("{FAE04EC0-301F-11D3-BF4B-00C04F79EFBC}") = "2EasyNetMQ.NewJob.Sender", "01-RabbitMQ\2_ExampleOf_ACK\EasyNetQ\2EasyNetMQ.NewJob.Sender\2EasyNetMQ.NewJob.Sender.csproj", "{07F79BC8-26EC-DFC1-815B-B026BDA3911F}"
EndProject
Project("{FAE04EC0-301F-11D3-BF4B-00C04F79EFBC}") = "2EasyNetMQ.NewJob.Worker.Reciver", "01-RabbitMQ\2_ExampleOf_ACK\EasyNetQ\2EasyNetMQ.NewJob.Worker.Reciver\2EasyNetMQ.NewJob.Worker.Reciver.csproj", "{50DD9243-2BC0-DFCC-E0D8-2150D1D74F58}"
EndProject
Project("{FAE04EC0-301F-11D3-BF4B-00C04F79EFBC}") = "2EasyNetMQ.NewJob.WorkerThatCanFail.Reciver", "01-RabbitMQ\2_ExampleOf_ACK\EasyNetQ\2EasyNetMQ.NewJob.WorkerThatCanFail.Reciver\2EasyNetMQ.NewJob.WorkerThatCanFail.Reciver.csproj", "{421E357C-CFBC-D4F0-E44A-63EC325591AD}"
EndProject
Project("{2150E333-8FDC-42A3-9474-1A3956D46DE8}") = "RabbitMQ_Client", "RabbitMQ_Client", "{3E2BAD0C-8E24-4F08-8242-97A940939926}"
EndProject
Project("{2150E333-8FDC-42A3-9474-1A3956D46DE8}") = "6", "6", "{64601C84-8C7D-4D04-B862-527A760BD684}"
EndProject
Project("{2150E333-8FDC-42A3-9474-1A3956D46DE8}") = "7", "7", "{E4462A6C-FCB5-4A8A-97BC-2CD3B8790325}"
EndProject
Project("{FAE04EC0-301F-11D3-BF4B-00C04F79EFBC}") = "NewJob.Common", "01-RabbitMQ\2_ExampleOf_ACK\NewJob.Common\NewJob.Common.csproj", "{50C8B03C-05F9-4EDA-AF62-9A3BCE434C24}"
EndProject
Project("{FAE04EC0-301F-11D3-BF4B-00C04F79EFBC}") = "2RabbitMQV7.NewJob.Worker.Reciver", "01-RabbitMQ\2_ExampleOf_ACK\RabbitMQ_Client\7.0.0\2RabbitMQV7.NewJob.Worker.Reciver\2RabbitMQV7.NewJob.Worker.Reciver.csproj", "{5A1E5974-6450-4F57-B9C4-6DEA41731BD1}"
EndProject
Project("{FAE04EC0-301F-11D3-BF4B-00C04F79EFBC}") = "2RabbitMQV7.NewJob.Sender", "01-RabbitMQ\2_ExampleOf_ACK\RabbitMQ_Client\7.0.0\2RabbitMQV7.NewJob.Sender\2RabbitMQV7.NewJob.Sender.csproj", "{778DA7C1-A650-429C-A234-3F6BEA6DAA1C}"
EndProject
Project("{FAE04EC0-301F-11D3-BF4B-00C04F79EFBC}") = "2RabbitMQV7.NewJob.WorkerThatCanFail.Reciver", "01-RabbitMQ\2_ExampleOf_ACK\RabbitMQ_Client\7.0.0\2RabbitMQV7.NewJob.WorkerThatCanFail.Reciver\2RabbitMQV7.NewJob.WorkerThatCanFail.Reciver.csproj", "{E959FA85-7662-40BB-A210-1DF1655F82F6}"
EndProject
Project("{FAE04EC0-301F-11D3-BF4B-00C04F79EFBC}") = "2RabbitMQ.NewJob.Sender", "01-RabbitMQ\2_ExampleOf_ACK\RabbitMQ_Client\6.8.1\2RabbitMQ.NewJob.Sender\2RabbitMQ.NewJob.Sender.csproj", "{9B6DDC8B-7DD9-423F-8BEF-E1822F96A4BF}"
EndProject
Project("{FAE04EC0-301F-11D3-BF4B-00C04F79EFBC}") = "2RabbitMQ.NewJob.Worker.Reciver", "01-RabbitMQ\2_ExampleOf_ACK\RabbitMQ_Client\6.8.1\2RabbitMQ.NewJob.Worker.Reciver\2RabbitMQ.NewJob.Worker.Reciver.csproj", "{400E2E39-F7DB-4A50-B20B-E9D7656FBEA5}"
EndProject
Project("{FAE04EC0-301F-11D3-BF4B-00C04F79EFBC}") = "2RabbitMQ.NewJob.WorkerThatCanFail.Reciver", "01-RabbitMQ\2_ExampleOf_ACK\RabbitMQ_Client\6.8.1\2RabbitMQ.NewJob.WorkerThatCanFail.Reciver\2RabbitMQ.NewJob.WorkerThatCanFail.Reciver.csproj", "{B427E845-43F5-4D1D-847A-143A2C861EF5}"
EndProject
Project("{2150E333-8FDC-42A3-9474-1A3956D46DE8}") = "3_Publish_And_Subscribe-Sending-messages-to-many-consumers-at-once", "3_Publish_And_Subscribe-Sending-messages-to-many-consumers-at-once", "{51300405-5343-4CBC-98D1-69B276E52982}"
EndProject
Project("{2150E333-8FDC-42A3-9474-1A3956D46DE8}") = "4_Routing-Receiving messages selectively", "4_Routing-Receiving messages selectively", "{10685981-893C-42DF-985E-8C4A32ED5ECD}"
EndProject
Project("{2150E333-8FDC-42A3-9474-1A3956D46DE8}") = "5_Topics-Receiving messages based on a pattern", "5_Topics-Receiving messages based on a pattern", "{C9955F5F-D0BA-42B4-9373-9110E38A2C6A}"
EndProject
Project("{2150E333-8FDC-42A3-9474-1A3956D46DE8}") = "EasyNetMQ", "EasyNetMQ", "{74FAEBBF-4D26-4800-AFD1-C4EB816BA874}"
EndProject
Project("{2150E333-8FDC-42A3-9474-1A3956D46DE8}") = "EasyNetMQ", "EasyNetMQ", "{5A6F8BB8-1A32-4D8B-8190-31BB47FA91AB}"
EndProject
Project("{2150E333-8FDC-42A3-9474-1A3956D46DE8}") = "EasyNetMQ", "EasyNetMQ", "{CF212254-0BAC-45F0-A8F3-E3D072285E79}"
EndProject
Project("{2150E333-8FDC-42A3-9474-1A3956D46DE8}") = "RabbitMQ_Client", "RabbitMQ_Client", "{7AF023DD-8641-4F13-B8D1-21C7B520BB40}"
EndProject
Project("{2150E333-8FDC-42A3-9474-1A3956D46DE8}") = "RabbitMQ_Client", "RabbitMQ_Client", "{DF4071EC-BFDA-4694-A997-AE1F7D27C682}"
EndProject
Project("{2150E333-8FDC-42A3-9474-1A3956D46DE8}") = "RabbitMQ_Client", "RabbitMQ_Client", "{242A63CD-ED8B-4200-87F2-5D33E70F16F1}"
EndProject
Project("{2150E333-8FDC-42A3-9474-1A3956D46DE8}") = "6", "6", "{423A2025-7B34-44AA-9B92-1FE0E95939F8}"
EndProject
Project("{2150E333-8FDC-42A3-9474-1A3956D46DE8}") = "7", "7", "{4D90E419-B567-49A7-A591-BD90B17FD891}"
EndProject
Project("{2150E333-8FDC-42A3-9474-1A3956D46DE8}") = "6", "6", "{CFE0C339-2289-4278-A2E2-61070F7B9E4B}"
EndProject
Project("{2150E333-8FDC-42A3-9474-1A3956D46DE8}") = "7", "7", "{2B1A7F2A-4F63-4032-881E-0F9502C9AA2B}"
EndProject
Project("{2150E333-8FDC-42A3-9474-1A3956D46DE8}") = "6", "6", "{F58C4BC4-8F29-4535-8F85-844E7B484A6A}"
EndProject
Project("{2150E333-8FDC-42A3-9474-1A3956D46DE8}") = "7", "7", "{6573B514-8DC6-4056-9911-794A30FDF0CE}"
EndProject
Project("{FAE04EC0-301F-11D3-BF4B-00C04F79EFBC}") = "3EasyNetQ.PublishToMany", "01-RabbitMQ\3-4-5-6-Exchange\3_Publish_And_Subscribe-Sending-messages-to-many-consumers-at-once\EasyNetQ\3EasyNetQ.PublishToMany\3EasyNetQ.PublishToMany.csproj", "{713FB884-E653-DF07-61D6-722FD8567D30}"
EndProject
Project("{FAE04EC0-301F-11D3-BF4B-00C04F79EFBC}") = "3EasyNetQ.SubscribeOne", "01-RabbitMQ\3-4-5-6-Exchange\3_Publish_And_Subscribe-Sending-messages-to-many-consumers-at-once\EasyNetQ\3EasyNetQ.SubscribeOne\3EasyNetQ.SubscribeOne.csproj", "{2358AB2A-2957-083C-95E5-D71EAFA71D6D}"
EndProject
Project("{FAE04EC0-301F-11D3-BF4B-00C04F79EFBC}") = "3EasyNetQ.SubscribeSecond", "01-RabbitMQ\3-4-5-6-Exchange\3_Publish_And_Subscribe-Sending-messages-to-many-consumers-at-once\EasyNetQ\3EasyNetQ.SubscribeSecond\3EasyNetQ.SubscribeSecond.csproj", "{09E7A662-E0CF-3545-3243-2014F9717B07}"
EndProject
Project("{FAE04EC0-301F-11D3-BF4B-00C04F79EFBC}") = "3RabbitMQClient.PublishToMany", "01-RabbitMQ\3-4-5-6-Exchange\3_Publish_And_Subscribe-Sending-messages-to-many-consumers-at-once\RabbitMQ_Client\6.8.1\3RabbitMQClient.PublishToMany\3RabbitMQClient.PublishToMany.csproj", "{78DBAB4E-9327-8C9B-A0BD-A7B772DC0435}"
EndProject
Project("{FAE04EC0-301F-11D3-BF4B-00C04F79EFBC}") = "3RabbitMQClient.SubscribeOne", "01-RabbitMQ\3-4-5-6-Exchange\3_Publish_And_Subscribe-Sending-messages-to-many-consumers-at-once\RabbitMQ_Client\6.8.1\3RabbitMQClient.SubscribeOne\3RabbitMQClient.SubscribeOne.csproj", "{76848E13-438F-7374-38F4-8492914B8FDF}"
EndProject
Project("{FAE04EC0-301F-11D3-BF4B-00C04F79EFBC}") = "3RabbitMQClient.SubscribeSecond", "01-RabbitMQ\3-4-5-6-Exchange\3_Publish_And_Subscribe-Sending-messages-to-many-consumers-at-once\RabbitMQ_Client\6.8.1\3RabbitMQClient.SubscribeSecond\3RabbitMQClient.SubscribeSecond.csproj", "{68C44E80-D2BC-69D5-2062-DCBC03F4B0BA}"
EndProject
Project("{FAE04EC0-301F-11D3-BF4B-00C04F79EFBC}") = "3RabbitMQClientV7.PublishToMany", "01-RabbitMQ\3-4-5-6-Exchange\3_Publish_And_Subscribe-Sending-messages-to-many-consumers-at-once\RabbitMQ_Client\7.0.0\3RabbitMQClientV7.PublishToMany\3RabbitMQClientV7.PublishToMany.csproj", "{A487E753-05A0-0287-BE5B-1E30025058DE}"
EndProject
Project("{FAE04EC0-301F-11D3-BF4B-00C04F79EFBC}") = "3RabbitMQClientV7.SubscribeOne", "01-RabbitMQ\3-4-5-6-Exchange\3_Publish_And_Subscribe-Sending-messages-to-many-consumers-at-once\RabbitMQ_Client\7.0.0\3RabbitMQClientV7.SubscribeOne\3RabbitMQClientV7.SubscribeOne.csproj", "{5A34231C-68A6-0614-C21F-112237AFD3BF}"
EndProject
Project("{FAE04EC0-301F-11D3-BF4B-00C04F79EFBC}") = "3RabbitMQClientV7.SubscribeSecond", "01-RabbitMQ\3-4-5-6-Exchange\3_Publish_And_Subscribe-Sending-messages-to-many-consumers-at-once\RabbitMQ_Client\7.0.0\3RabbitMQClientV7.SubscribeSecond\3RabbitMQClientV7.SubscribeSecond.csproj", "{410D8493-4B77-0CA5-5452-0DEAD4E99DC1}"
EndProject
Project("{FAE04EC0-301F-11D3-BF4B-00C04F79EFBC}") = "4EasyNetQ,ProducerDirectWithKey", "01-RabbitMQ\3-4-5-6-Exchange\4_Routing-Receiving messages selectively\EasyNetQ\4EasyNetQ,ProducerDirectWithKey\4EasyNetQ,ProducerDirectWithKey.csproj", "{F74D0F1B-ED2A-2D29-C010-19C4174E100C}"
EndProject
Project("{FAE04EC0-301F-11D3-BF4B-00C04F79EFBC}") = "4EasyNETQ.ReciverDirectOne.MailAndTest", "01-RabbitMQ\3-4-5-6-Exchange\4_Routing-Receiving messages selectively\EasyNetQ\4EasyNETQ.ReciverDirectOne.MailAndTest\4EasyNETQ.ReciverDirectOne.MailAndTest.csproj", "{032FB9F3-14B2-20B0-A95E-541F0EBBBD87}"
EndProject
Project("{FAE04EC0-301F-11D3-BF4B-00C04F79EFBC}") = "4EasyNETQ.ReciverDirectTwo.Email", "01-RabbitMQ\3-4-5-6-Exchange\4_Routing-Receiving messages selectively\EasyNetQ\4EasyNETQ.ReciverDirectTwo.Email\4EasyNETQ.ReciverDirectTwo.Email.csproj", "{E43F13DB-40D5-D0DD-4840-281B27B9AB4C}"
EndProject
Project("{FAE04EC0-301F-11D3-BF4B-00C04F79EFBC}") = "4RabbitMQClient.ProducerDirectWithKey", "01-RabbitMQ\3-4-5-6-Exchange\4_Routing-Receiving messages selectively\RabbitMQ_Client\6.8.1\4RabbitMQClient.ProducerDirectWithKey\4RabbitMQClient.ProducerDirectWithKey.csproj", "{E81CD1D3-F26C-DD6D-78CC-CE1DBD9BFC6D}"
EndProject
Project("{FAE04EC0-301F-11D3-BF4B-00C04F79EFBC}") = "4RabbitMQClient.ReciverDirectOne.MailAndTest", "01-RabbitMQ\3-4-5-6-Exchange\4_Routing-Receiving messages selectively\RabbitMQ_Client\6.8.1\4RabbitMQClient.ReciverDirectOne.MailAndTest\4RabbitMQClient.ReciverDirectOne.MailAndTest.csproj", "{520EF616-9462-74E1-8C22-F8F2FBA09230}"
EndProject
Project("{FAE04EC0-301F-11D3-BF4B-00C04F79EFBC}") = "4RabbitMQClient.ReciverDirectTwoEmail", "01-RabbitMQ\3-4-5-6-Exchange\4_Routing-Receiving messages selectively\RabbitMQ_Client\6.8.1\4RabbitMQClient.ReciverDirectTwoEmail\4RabbitMQClient.ReciverDirectTwoEmail.csproj", "{A73E67D2-4F2D-0CC6-4949-1961BDEFE43D}"
EndProject
Project("{FAE04EC0-301F-11D3-BF4B-00C04F79EFBC}") = "4RabbitMQClientV7.ProducerDirectWithKey", "01-RabbitMQ\3-4-5-6-Exchange\4_Routing-Receiving messages selectively\RabbitMQ_Client\7.0.0\4RabbitMQClientV7.ProducerDirectWithKey\4RabbitMQClientV7.ProducerDirectWithKey.csproj", "{05057281-042F-70B2-EECC-FA250FA04B12}"
EndProject
Project("{FAE04EC0-301F-11D3-BF4B-00C04F79EFBC}") = "4RabbitMQClientV7.ReciverDirectOne.MailAndTest", "01-RabbitMQ\3-4-5-6-Exchange\4_Routing-Receiving messages selectively\RabbitMQ_Client\7.0.0\4RabbitMQClientV7.ReciverDirectOne.MailAndTest\4RabbitMQClientV7.ReciverDirectOne.MailAndTest.csproj", "{1CEBE01F-710E-3E42-DD5E-356949993BF4}"
EndProject
Project("{FAE04EC0-301F-11D3-BF4B-00C04F79EFBC}") = "4RabbitMQClientV7.ReciverDirectTwoEmail", "01-RabbitMQ\3-4-5-6-Exchange\4_Routing-Receiving messages selectively\RabbitMQ_Client\7.0.0\4RabbitMQClientV7.ReciverDirectTwoEmail\4RabbitMQClientV7.ReciverDirectTwoEmail.csproj", "{AF4CB734-1E00-DB0A-1E3F-847C84078CF6}"
EndProject
Project("{FAE04EC0-301F-11D3-BF4B-00C04F79EFBC}") = "5EasyNetQ.AccountsTopicSubscriber", "01-RabbitMQ\3-4-5-6-Exchange\5_Topics-Receiving messages based on a pattern\EasyNetQ\5EasyNetQ.AccountsTopicSubscriber\5EasyNetQ.AccountsTopicSubscriber.csproj", "{0CA2C2E4-3187-B240-E9F6-E053805852AD}"
EndProject
Project("{FAE04EC0-301F-11D3-BF4B-00C04F79EFBC}") = "5EasyNetQ.CardPaymentTopicSubscriber", "01-RabbitMQ\3-4-5-6-Exchange\5_Topics-Receiving messages based on a pattern\EasyNetQ\5EasyNetQ.CardPaymentTopicSubscriber\5EasyNetQ.CardPaymentTopicSubscriber.csproj", "{C8D0FF0E-CA5D-D365-BBAA-32AD33470D1B}"
EndProject
Project("{FAE04EC0-301F-11D3-BF4B-00C04F79EFBC}") = "5EasyNetQ.Common", "01-RabbitMQ\3-4-5-6-Exchange\5_Topics-Receiving messages based on a pattern\EasyNetQ\5EasyNetQ.Common\5EasyNetQ.Common.csproj", "{FFDAE412-E36A-D8E5-E8FE-0BFC5EC9B20D}"
EndProject
Project("{FAE04EC0-301F-11D3-BF4B-00C04F79EFBC}") = "5EasyNetQ.ProducerTopic", "01-RabbitMQ\3-4-5-6-Exchange\5_Topics-Receiving messages based on a pattern\EasyNetQ\5EasyNetQ.ProducerTopic\5EasyNetQ.ProducerTopic.csproj", "{54B37579-F813-2FB9-1318-B57FE9187822}"
EndProject
Project("{FAE04EC0-301F-11D3-BF4B-00C04F79EFBC}") = "5WasyNetQ.PurchaseOrderTopicSubscriber", "01-RabbitMQ\3-4-5-6-Exchange\5_Topics-Receiving messages based on a pattern\EasyNetQ\5WasyNetQ.PurchaseOrderTopicSubscriber\5WasyNetQ.PurchaseOrderTopicSubscriber.csproj", "{11E51114-9A99-F316-F962-9D86F0FB8E1A}"
EndProject
Project("{FAE04EC0-301F-11D3-BF4B-00C04F79EFBC}") = "5RabbitMQClient.ProducerTopics", "01-RabbitMQ\3-4-5-6-Exchange\5_Topics-Receiving messages based on a pattern\RabbitMQ_Client\6.8.1\5RabbitMQClient.ProducerTopics\5RabbitMQClient.ProducerTopics.csproj", "{32BA6AC0-E795-E71A-B0DE-C1D7DEBAFB5C}"
EndProject
Project("{FAE04EC0-301F-11D3-BF4B-00C04F79EFBC}") = "5RabbitMQClient.ReciverTopics", "01-RabbitMQ\3-4-5-6-Exchange\5_Topics-Receiving messages based on a pattern\RabbitMQ_Client\6.8.1\5RabbitMQClient.ReciverTopics\5RabbitMQClient.ReciverTopics.csproj", "{7252F624-CE96-A7C1-32C8-8FCA42DE7F10}"
EndProject
Project("{FAE04EC0-301F-11D3-BF4B-00C04F79EFBC}") = "5RabbitMQClientV7.ProducerTopics", "01-RabbitMQ\3-4-5-6-Exchange\5_Topics-Receiving messages based on a pattern\RabbitMQ_Client\7.0.0\5RabbitMQClientV7.ProducerTopics\5RabbitMQClientV7.ProducerTopics.csproj", "{8FCF008C-290F-F56D-F68C-6DF81820DC26}"
EndProject
Project("{FAE04EC0-301F-11D3-BF4B-00C04F79EFBC}") = "5RabbitMQClientV7.ReciverTopics", "01-RabbitMQ\3-4-5-6-Exchange\5_Topics-Receiving messages based on a pattern\RabbitMQ_Client\7.0.0\5RabbitMQClientV7.ReciverTopics\5RabbitMQClientV7.ReciverTopics.csproj", "{5E71EF7B-C95A-14F5-EF07-7427ADC66680}"
EndProject
Project("{2150E333-8FDC-42A3-9474-1A3956D46DE8}") = "1Rebus_Send_And_Recive_Simple", "1Rebus_Send_And_Recive_Simple", "{F1243A01-B8CE-4F57-A090-64E0845651DC}"
EndProject
Project("{2150E333-8FDC-42A3-9474-1A3956D46DE8}") = "2Rebus_Real_Event_Driven_Example", "2Rebus_Real_Event_Driven_Example", "{707B3AB2-C82C-46C6-922B-CE5ED07E8A30}"
EndProject
Project("{FAE04EC0-301F-11D3-BF4B-00C04F79EFBC}") = "1Rebus.Demo.Client.Sender", "02-RabbitMQ-Rebus\1Rebus.Demo.Client.Sender\1Rebus.Demo.Client.Sender.csproj", "{76118A77-8C08-979E-CB7D-297C1129A7E7}"
EndProject
Project("{FAE04EC0-301F-11D3-BF4B-00C04F79EFBC}") = "1Rebus.Demo.Server.Reciver", "02-RabbitMQ-Rebus\1Rebus.Demo.Server.Reciver\1Rebus.Demo.Server.Reciver.csproj", "{A959F665-9695-7812-F14C-CD86ED4830F9}"
EndProject
Project("{FAE04EC0-301F-11D3-BF4B-00C04F79EFBC}") = "2Rebus.TooBigSimpleEventDrivenExample.0Messages", "02-RabbitMQ-Rebus\2Rebus.TooBigSimpleEventDrivenExample.0Messages\2Rebus.TooBigSimpleEventDrivenExample.0Messages.csproj", "{5200C0DA-B28B-6664-5BA4-9CE9C44C5BF2}"
EndProject
Project("{FAE04EC0-301F-11D3-BF4B-00C04F79EFBC}") = "2Rebus.TooBigSimpleEventDrivenExample.Reciver", "02-RabbitMQ-Rebus\2Rebus.TooBigSimpleEventDrivenExample.Reciver\2Rebus.TooBigSimpleEventDrivenExample.Reciver.csproj", "{800C0FFB-8445-4823-84A0-CDD53E91860D}"
EndProject
Project("{FAE04EC0-301F-11D3-BF4B-00C04F79EFBC}") = "2Rebus.TooBigSimpleEventDrivenExample.Sender", "02-RabbitMQ-Rebus\2Rebus.TooBigSimpleEventDrivenExample.Sender\2Rebus.TooBigSimpleEventDrivenExample.Sender.csproj", "{79A8C401-E396-21ED-DEB8-8C0F53FDBDD6}"
EndProject
Project("{2150E333-8FDC-42A3-9474-1A3956D46DE8}") = "3Rebus.IntegrationProblem", "3Rebus.IntegrationProblem", "{C1C4B4C5-2549-4D6F-9AF4-0EA97760F8D3}"
EndProject
Project("{FAE04EC0-301F-11D3-BF4B-00C04F79EFBC}") = "3Rebus.IntegrationProblem.0Messages", "02-RabbitMQ-Rebus\3Rebus.IntegrationProblem.0Messages\3Rebus.IntegrationProblem.0Messages.csproj", "{CC663FF3-81A3-4210-0DE8-D4BFBB4F26A9}"
EndProject
Project("{FAE04EC0-301F-11D3-BF4B-00C04F79EFBC}") = "3Rebus.IntegrationProblem.ErrorReciver", "02-RabbitMQ-Rebus\3Rebus.IntegrationProblem.ErrorReciver\3Rebus.IntegrationProblem.ErrorReciver.csproj", "{D7B7FDF1-2B63-34A2-4BEB-7F2CC01128AE}"
EndProject
Project("{FAE04EC0-301F-11D3-BF4B-00C04F79EFBC}") = "3Rebus.IntegrationProblem.ReciveThenAskExternalAPIThenSendToStart", "02-RabbitMQ-Rebus\3Rebus.IntegrationProblem.ReciveThenAskExternalAPIThenSendToStart\3Rebus.IntegrationProblem.ReciveThenAskExternalAPIThenSendToStart.csproj", "{6EF4BEE5-7211-CD3D-31CF-767FFAE9AEF0}"
EndProject
Project("{2150E333-8FDC-42A3-9474-1A3956D46DE8}") = "7-RealASPNETExample", "7-RealASPNETExample", "{B2EFD8F0-F2E7-43A5-B04F-4B45AFF1470F}"
EndProject
Project("{FAE04EC0-301F-11D3-BF4B-00C04F79EFBC}") = "7RabbitMQ.ASPNETCoreExample", "01-RabbitMQ\7-RealExample\7RabbitMQ.ASPNETCoreExample\7RabbitMQ.ASPNETCoreExample.csproj", "{5C54B6E2-B7CC-8908-BB80-5815B9A23759}"
EndProject
Project("{FAE04EC0-301F-11D3-BF4B-00C04F79EFBC}") = "7RabbitMQV7.ASPNETCoreExample", "01-RabbitMQ\7-RealExample\7RabbitMQV7.ASPNETCoreExample\7RabbitMQV7.ASPNETCoreExample.csproj", "{ACF447C1-712A-4C27-F1F4-8D05496F625E}"
EndProject
Project("{FAE04EC0-301F-11D3-BF4B-00C04F79EFBC}") = "7EasyNetMQ.ASPNETCoreExample", "01-RabbitMQ\7-RealExample\7EasyNetMQ.ASPNETCoreExample\7EasyNetMQ.ASPNETCoreExample.csproj", "{6DE0F64A-6966-8F26-9BD6-17D8EAEA7D0B}"
EndProject
Project("{2150E333-8FDC-42A3-9474-1A3956D46DE8}") = "EasyNetMQ", "EasyNetMQ", "{3DB95844-C61E-4EB4-95A9-106579D1BB9F}"
EndProject
Project("{2150E333-8FDC-42A3-9474-1A3956D46DE8}") = "RabbitMQ_Client", "RabbitMQ_Client", "{4751FA60-F773-4ED0-89CE-B8F0039C4C93}"
EndProject
Project("{2150E333-8FDC-42A3-9474-1A3956D46DE8}") = "6", "6", "{4D4BE594-9438-47C1-9C7E-E1A16226D5AB}"
EndProject
Project("{2150E333-8FDC-42A3-9474-1A3956D46DE8}") = "7", "7", "{615CE4CB-9A77-4619-BFB0-55CC072F2356}"
EndProject
Project("{2150E333-8FDC-42A3-9474-1A3956D46DE8}") = "Confluent-Kafka", "Confluent-Kafka", "{6008B957-E96D-4DD8-AE9A-5B406B49A614}"
EndProject
Project("{2150E333-8FDC-42A3-9474-1A3956D46DE8}") = "KafkaFlow", "KafkaFlow", "{8BCE59A6-5C82-4B71-840E-007B0BFF0F09}"
EndProject
Project("{FAE04EC0-301F-11D3-BF4B-00C04F79EFBC}") = "1Kafka.Confluent.Common", "03-Kafka\Confluent-Kafka\1Kafka.Confluent.Common\1Kafka.Confluent.Common.csproj", "{A5EA2787-D454-4603-2CAF-5B80C5A12291}"
EndProject
Project("{FAE04EC0-301F-11D3-BF4B-00C04F79EFBC}") = "1Kafka.Confluent.ConsumerGroupId5", "03-Kafka\Confluent-Kafka\1Kafka.Confluent.ConsumerGroupId5\1Kafka.Confluent.ConsumerGroupId5.csproj", "{1C060FA2-C799-477E-F320-F38C89159366}"
EndProject
Project("{FAE04EC0-301F-11D3-BF4B-00C04F79EFBC}") = "1Kafka.Confluent.ConsumerGroupId5Another", "03-Kafka\Confluent-Kafka\1Kafka.Confluent.ConsumerGroupId5Another\1Kafka.Confluent.ConsumerGroupId5Another.csproj", "{A64C99F8-931F-B65B-9B5C-54790A955954}"
EndProject
Project("{FAE04EC0-301F-11D3-BF4B-00C04F79EFBC}") = "1Kafka.Confluent.ConsumerGroupIdRandom", "03-Kafka\Confluent-Kafka\1Kafka.Confluent.ConsumerGroupIdRandom\1Kafka.Confluent.ConsumerGroupIdRandom.csproj", "{5D9CF6EC-9945-E235-A6E2-B28006019617}"
EndProject
Project("{FAE04EC0-301F-11D3-BF4B-00C04F79EFBC}") = "1Kafka.Confluent.Producer", "03-Kafka\Confluent-Kafka\1Kafka.Confluent.Producer\1Kafka.Confluent.Producer.csproj", "{7842E802-4700-E9F3-6EE7-C442252448A7}"
EndProject
Project("{2150E333-8FDC-42A3-9474-1A3956D46DE8}") = "1SimpleExample", "1SimpleExample", "{15C75682-7DA1-4D55-B6E1-6EA8B7CCBEBF}"
EndProject
Project("{FAE04EC0-301F-11D3-BF4B-00C04F79EFBC}") = "1KafkaFlow.Common", "03-Kafka\KafkaFlow\1KafkaFlow.Common\1KafkaFlow.Common.csproj", "{CD6C0EE0-EC76-8C14-57B1-6698ECBE396B}"
EndProject
Project("{FAE04EC0-301F-11D3-BF4B-00C04F79EFBC}") = "1KafkaFlow.ConsumerGroupId5", "03-Kafka\KafkaFlow\1KafkaFlow.ConsumerGroupId5\1KafkaFlow.ConsumerGroupId5.csproj", "{88119E07-EBCC-E9D2-1592-F55420C271C4}"
EndProject
Project("{FAE04EC0-301F-11D3-BF4B-00C04F79EFBC}") = "1KafkaFlow.ConsumerStatisticsBatch", "03-Kafka\KafkaFlow\1KafkaFlow.ConsumerStatisticsBatch\1KafkaFlow.ConsumerStatisticsBatch.csproj", "{337E21CD-0DCE-64F5-6D25-05B12CDE1272}"
EndProject
Project("{FAE04EC0-301F-11D3-BF4B-00C04F79EFBC}") = "1KafkaFlow.Producer", "03-Kafka\KafkaFlow\1KafkaFlow.Producer\1KafkaFlow.Producer.csproj", "{1F21AFF8-D0B4-A428-8D36-F37481FCD4F4}"
EndProject
Project("{2150E333-8FDC-42A3-9474-1A3956D46DE8}") = "2RealASPNETExample", "2RealASPNETExample", "{A80429D8-20C7-4143-AE9A-14A5F9ED536C}"
EndProject
Project("{2150E333-8FDC-42A3-9474-1A3956D46DE8}") = "Confluent-Kafka", "Confluent-Kafka", "{44CD81C2-3560-45D5-8249-347C94486F87}"
EndProject
Project("{2150E333-8FDC-42A3-9474-1A3956D46DE8}") = "KafkaFlow", "KafkaFlow", "{866E8A6F-2D86-4413-9E07-B7F7EFA308FA}"
EndProject
Project("{FAE04EC0-301F-11D3-BF4B-00C04F79EFBC}") = "2.KafkaFlow.ASPNETCoreExample", "03-Kafka\KafkaFlow\2.KafkaFlow.ASPNETCoreExample\2.KafkaFlow.ASPNETCoreExample.csproj", "{EE486AC0-11D3-5E16-7DA4-5071105999D1}"
EndProject
Project("{FAE04EC0-301F-11D3-BF4B-00C04F79EFBC}") = "2KafkaFlow.AnotherConsumer", "03-Kafka\KafkaFlow\2KafkaFlow.AnotherConsumer\2KafkaFlow.AnotherConsumer.csproj", "{27023944-E0CB-9488-C834-6DE0641DE012}"
EndProject
Project("{FAE04EC0-301F-11D3-BF4B-00C04F79EFBC}") = "3KafkaFlow.DashBoardDemo", "03-Kafka\KafkaFlow\3KafkaFlow.DashBoardDemo\3KafkaFlow.DashBoardDemo.csproj", "{E4C1BF15-1E47-0C55-490D-16C633F5330D}"
EndProject
Project("{FAE04EC0-301F-11D3-BF4B-00C04F79EFBC}") = "2Kafka.Confluent.ASPNETCoreExample", "03-Kafka\Confluent-Kafka\2Kafka.Confluent.ASPNETCoreExample\2Kafka.Confluent.ASPNETCoreExample.csproj", "{A1083ABF-6EF4-B463-EF87-B448BEED0EE1}"
EndProject
Project("{2150E333-8FDC-42A3-9474-1A3956D46DE8}") = "3JustKafkaflow", "3JustKafkaflow", "{266610B9-9593-4D30-A860-B5A8226C9C59}"
EndProject
Global
	GlobalSection(SolutionConfigurationPlatforms) = preSolution
		Debug|Any CPU = Debug|Any CPU
		Release|Any CPU = Release|Any CPU
	EndGlobalSection
	GlobalSection(ProjectConfigurationPlatforms) = postSolution
		{32D201CB-FFBB-52FF-828A-E11DEF1F27EE}.Debug|Any CPU.ActiveCfg = Debug|Any CPU
		{32D201CB-FFBB-52FF-828A-E11DEF1F27EE}.Debug|Any CPU.Build.0 = Debug|Any CPU
		{32D201CB-FFBB-52FF-828A-E11DEF1F27EE}.Release|Any CPU.ActiveCfg = Release|Any CPU
		{32D201CB-FFBB-52FF-828A-E11DEF1F27EE}.Release|Any CPU.Build.0 = Release|Any CPU
		{FCE879B0-216A-7969-2523-3CB22A3F6C14}.Debug|Any CPU.ActiveCfg = Debug|Any CPU
		{FCE879B0-216A-7969-2523-3CB22A3F6C14}.Debug|Any CPU.Build.0 = Debug|Any CPU
		{FCE879B0-216A-7969-2523-3CB22A3F6C14}.Release|Any CPU.ActiveCfg = Release|Any CPU
		{FCE879B0-216A-7969-2523-3CB22A3F6C14}.Release|Any CPU.Build.0 = Release|Any CPU
		{60B49632-7A8C-2B32-54F7-964EB1401B9F}.Debug|Any CPU.ActiveCfg = Debug|Any CPU
		{60B49632-7A8C-2B32-54F7-964EB1401B9F}.Debug|Any CPU.Build.0 = Debug|Any CPU
		{60B49632-7A8C-2B32-54F7-964EB1401B9F}.Release|Any CPU.ActiveCfg = Release|Any CPU
		{60B49632-7A8C-2B32-54F7-964EB1401B9F}.Release|Any CPU.Build.0 = Release|Any CPU
		{8B88975A-1397-F949-2BED-96AF345AB303}.Debug|Any CPU.ActiveCfg = Debug|Any CPU
		{8B88975A-1397-F949-2BED-96AF345AB303}.Debug|Any CPU.Build.0 = Debug|Any CPU
		{8B88975A-1397-F949-2BED-96AF345AB303}.Release|Any CPU.ActiveCfg = Release|Any CPU
		{8B88975A-1397-F949-2BED-96AF345AB303}.Release|Any CPU.Build.0 = Release|Any CPU
		{352C098B-5AEE-2D31-B8BD-A0766BCCE722}.Debug|Any CPU.ActiveCfg = Debug|Any CPU
		{352C098B-5AEE-2D31-B8BD-A0766BCCE722}.Debug|Any CPU.Build.0 = Debug|Any CPU
		{352C098B-5AEE-2D31-B8BD-A0766BCCE722}.Release|Any CPU.ActiveCfg = Release|Any CPU
		{352C098B-5AEE-2D31-B8BD-A0766BCCE722}.Release|Any CPU.Build.0 = Release|Any CPU
		{99FA331F-A8A2-96E4-860A-11B2077081AC}.Debug|Any CPU.ActiveCfg = Debug|Any CPU
		{99FA331F-A8A2-96E4-860A-11B2077081AC}.Debug|Any CPU.Build.0 = Debug|Any CPU
		{99FA331F-A8A2-96E4-860A-11B2077081AC}.Release|Any CPU.ActiveCfg = Release|Any CPU
		{99FA331F-A8A2-96E4-860A-11B2077081AC}.Release|Any CPU.Build.0 = Release|Any CPU
		{4893DA41-28DE-59D6-E8E9-A16CE4E2E787}.Debug|Any CPU.ActiveCfg = Debug|Any CPU
		{4893DA41-28DE-59D6-E8E9-A16CE4E2E787}.Debug|Any CPU.Build.0 = Debug|Any CPU
		{4893DA41-28DE-59D6-E8E9-A16CE4E2E787}.Release|Any CPU.ActiveCfg = Release|Any CPU
		{4893DA41-28DE-59D6-E8E9-A16CE4E2E787}.Release|Any CPU.Build.0 = Release|Any CPU
		{07F79BC8-26EC-DFC1-815B-B026BDA3911F}.Debug|Any CPU.ActiveCfg = Debug|Any CPU
		{07F79BC8-26EC-DFC1-815B-B026BDA3911F}.Debug|Any CPU.Build.0 = Debug|Any CPU
		{07F79BC8-26EC-DFC1-815B-B026BDA3911F}.Release|Any CPU.ActiveCfg = Release|Any CPU
		{07F79BC8-26EC-DFC1-815B-B026BDA3911F}.Release|Any CPU.Build.0 = Release|Any CPU
		{50DD9243-2BC0-DFCC-E0D8-2150D1D74F58}.Debug|Any CPU.ActiveCfg = Debug|Any CPU
		{50DD9243-2BC0-DFCC-E0D8-2150D1D74F58}.Debug|Any CPU.Build.0 = Debug|Any CPU
		{50DD9243-2BC0-DFCC-E0D8-2150D1D74F58}.Release|Any CPU.ActiveCfg = Release|Any CPU
		{50DD9243-2BC0-DFCC-E0D8-2150D1D74F58}.Release|Any CPU.Build.0 = Release|Any CPU
		{421E357C-CFBC-D4F0-E44A-63EC325591AD}.Debug|Any CPU.ActiveCfg = Debug|Any CPU
		{421E357C-CFBC-D4F0-E44A-63EC325591AD}.Debug|Any CPU.Build.0 = Debug|Any CPU
		{421E357C-CFBC-D4F0-E44A-63EC325591AD}.Release|Any CPU.ActiveCfg = Release|Any CPU
		{421E357C-CFBC-D4F0-E44A-63EC325591AD}.Release|Any CPU.Build.0 = Release|Any CPU
		{50C8B03C-05F9-4EDA-AF62-9A3BCE434C24}.Debug|Any CPU.ActiveCfg = Debug|Any CPU
		{50C8B03C-05F9-4EDA-AF62-9A3BCE434C24}.Debug|Any CPU.Build.0 = Debug|Any CPU
		{50C8B03C-05F9-4EDA-AF62-9A3BCE434C24}.Release|Any CPU.ActiveCfg = Release|Any CPU
		{50C8B03C-05F9-4EDA-AF62-9A3BCE434C24}.Release|Any CPU.Build.0 = Release|Any CPU
		{5A1E5974-6450-4F57-B9C4-6DEA41731BD1}.Debug|Any CPU.ActiveCfg = Debug|Any CPU
		{5A1E5974-6450-4F57-B9C4-6DEA41731BD1}.Debug|Any CPU.Build.0 = Debug|Any CPU
		{5A1E5974-6450-4F57-B9C4-6DEA41731BD1}.Release|Any CPU.ActiveCfg = Release|Any CPU
		{5A1E5974-6450-4F57-B9C4-6DEA41731BD1}.Release|Any CPU.Build.0 = Release|Any CPU
		{778DA7C1-A650-429C-A234-3F6BEA6DAA1C}.Debug|Any CPU.ActiveCfg = Debug|Any CPU
		{778DA7C1-A650-429C-A234-3F6BEA6DAA1C}.Debug|Any CPU.Build.0 = Debug|Any CPU
		{778DA7C1-A650-429C-A234-3F6BEA6DAA1C}.Release|Any CPU.ActiveCfg = Release|Any CPU
		{778DA7C1-A650-429C-A234-3F6BEA6DAA1C}.Release|Any CPU.Build.0 = Release|Any CPU
		{E959FA85-7662-40BB-A210-1DF1655F82F6}.Debug|Any CPU.ActiveCfg = Debug|Any CPU
		{E959FA85-7662-40BB-A210-1DF1655F82F6}.Debug|Any CPU.Build.0 = Debug|Any CPU
		{E959FA85-7662-40BB-A210-1DF1655F82F6}.Release|Any CPU.ActiveCfg = Release|Any CPU
		{E959FA85-7662-40BB-A210-1DF1655F82F6}.Release|Any CPU.Build.0 = Release|Any CPU
		{9B6DDC8B-7DD9-423F-8BEF-E1822F96A4BF}.Debug|Any CPU.ActiveCfg = Debug|Any CPU
		{9B6DDC8B-7DD9-423F-8BEF-E1822F96A4BF}.Debug|Any CPU.Build.0 = Debug|Any CPU
		{9B6DDC8B-7DD9-423F-8BEF-E1822F96A4BF}.Release|Any CPU.ActiveCfg = Release|Any CPU
		{9B6DDC8B-7DD9-423F-8BEF-E1822F96A4BF}.Release|Any CPU.Build.0 = Release|Any CPU
		{400E2E39-F7DB-4A50-B20B-E9D7656FBEA5}.Debug|Any CPU.ActiveCfg = Debug|Any CPU
		{400E2E39-F7DB-4A50-B20B-E9D7656FBEA5}.Debug|Any CPU.Build.0 = Debug|Any CPU
		{400E2E39-F7DB-4A50-B20B-E9D7656FBEA5}.Release|Any CPU.ActiveCfg = Release|Any CPU
		{400E2E39-F7DB-4A50-B20B-E9D7656FBEA5}.Release|Any CPU.Build.0 = Release|Any CPU
		{B427E845-43F5-4D1D-847A-143A2C861EF5}.Debug|Any CPU.ActiveCfg = Debug|Any CPU
		{B427E845-43F5-4D1D-847A-143A2C861EF5}.Debug|Any CPU.Build.0 = Debug|Any CPU
		{B427E845-43F5-4D1D-847A-143A2C861EF5}.Release|Any CPU.ActiveCfg = Release|Any CPU
		{B427E845-43F5-4D1D-847A-143A2C861EF5}.Release|Any CPU.Build.0 = Release|Any CPU
		{713FB884-E653-DF07-61D6-722FD8567D30}.Debug|Any CPU.ActiveCfg = Debug|Any CPU
		{713FB884-E653-DF07-61D6-722FD8567D30}.Debug|Any CPU.Build.0 = Debug|Any CPU
		{713FB884-E653-DF07-61D6-722FD8567D30}.Release|Any CPU.ActiveCfg = Release|Any CPU
		{713FB884-E653-DF07-61D6-722FD8567D30}.Release|Any CPU.Build.0 = Release|Any CPU
		{2358AB2A-2957-083C-95E5-D71EAFA71D6D}.Debug|Any CPU.ActiveCfg = Debug|Any CPU
		{2358AB2A-2957-083C-95E5-D71EAFA71D6D}.Debug|Any CPU.Build.0 = Debug|Any CPU
		{2358AB2A-2957-083C-95E5-D71EAFA71D6D}.Release|Any CPU.ActiveCfg = Release|Any CPU
		{2358AB2A-2957-083C-95E5-D71EAFA71D6D}.Release|Any CPU.Build.0 = Release|Any CPU
		{09E7A662-E0CF-3545-3243-2014F9717B07}.Debug|Any CPU.ActiveCfg = Debug|Any CPU
		{09E7A662-E0CF-3545-3243-2014F9717B07}.Debug|Any CPU.Build.0 = Debug|Any CPU
		{09E7A662-E0CF-3545-3243-2014F9717B07}.Release|Any CPU.ActiveCfg = Release|Any CPU
		{09E7A662-E0CF-3545-3243-2014F9717B07}.Release|Any CPU.Build.0 = Release|Any CPU
		{78DBAB4E-9327-8C9B-A0BD-A7B772DC0435}.Debug|Any CPU.ActiveCfg = Debug|Any CPU
		{78DBAB4E-9327-8C9B-A0BD-A7B772DC0435}.Debug|Any CPU.Build.0 = Debug|Any CPU
		{78DBAB4E-9327-8C9B-A0BD-A7B772DC0435}.Release|Any CPU.ActiveCfg = Release|Any CPU
		{78DBAB4E-9327-8C9B-A0BD-A7B772DC0435}.Release|Any CPU.Build.0 = Release|Any CPU
		{76848E13-438F-7374-38F4-8492914B8FDF}.Debug|Any CPU.ActiveCfg = Debug|Any CPU
		{76848E13-438F-7374-38F4-8492914B8FDF}.Debug|Any CPU.Build.0 = Debug|Any CPU
		{76848E13-438F-7374-38F4-8492914B8FDF}.Release|Any CPU.ActiveCfg = Release|Any CPU
		{76848E13-438F-7374-38F4-8492914B8FDF}.Release|Any CPU.Build.0 = Release|Any CPU
		{68C44E80-D2BC-69D5-2062-DCBC03F4B0BA}.Debug|Any CPU.ActiveCfg = Debug|Any CPU
		{68C44E80-D2BC-69D5-2062-DCBC03F4B0BA}.Debug|Any CPU.Build.0 = Debug|Any CPU
		{68C44E80-D2BC-69D5-2062-DCBC03F4B0BA}.Release|Any CPU.ActiveCfg = Release|Any CPU
		{68C44E80-D2BC-69D5-2062-DCBC03F4B0BA}.Release|Any CPU.Build.0 = Release|Any CPU
		{A487E753-05A0-0287-BE5B-1E30025058DE}.Debug|Any CPU.ActiveCfg = Debug|Any CPU
		{A487E753-05A0-0287-BE5B-1E30025058DE}.Debug|Any CPU.Build.0 = Debug|Any CPU
		{A487E753-05A0-0287-BE5B-1E30025058DE}.Release|Any CPU.ActiveCfg = Release|Any CPU
		{A487E753-05A0-0287-BE5B-1E30025058DE}.Release|Any CPU.Build.0 = Release|Any CPU
		{5A34231C-68A6-0614-C21F-112237AFD3BF}.Debug|Any CPU.ActiveCfg = Debug|Any CPU
		{5A34231C-68A6-0614-C21F-112237AFD3BF}.Debug|Any CPU.Build.0 = Debug|Any CPU
		{5A34231C-68A6-0614-C21F-112237AFD3BF}.Release|Any CPU.ActiveCfg = Release|Any CPU
		{5A34231C-68A6-0614-C21F-112237AFD3BF}.Release|Any CPU.Build.0 = Release|Any CPU
		{410D8493-4B77-0CA5-5452-0DEAD4E99DC1}.Debug|Any CPU.ActiveCfg = Debug|Any CPU
		{410D8493-4B77-0CA5-5452-0DEAD4E99DC1}.Debug|Any CPU.Build.0 = Debug|Any CPU
		{410D8493-4B77-0CA5-5452-0DEAD4E99DC1}.Release|Any CPU.ActiveCfg = Release|Any CPU
		{410D8493-4B77-0CA5-5452-0DEAD4E99DC1}.Release|Any CPU.Build.0 = Release|Any CPU
		{F74D0F1B-ED2A-2D29-C010-19C4174E100C}.Debug|Any CPU.ActiveCfg = Debug|Any CPU
		{F74D0F1B-ED2A-2D29-C010-19C4174E100C}.Debug|Any CPU.Build.0 = Debug|Any CPU
		{F74D0F1B-ED2A-2D29-C010-19C4174E100C}.Release|Any CPU.ActiveCfg = Release|Any CPU
		{F74D0F1B-ED2A-2D29-C010-19C4174E100C}.Release|Any CPU.Build.0 = Release|Any CPU
		{032FB9F3-14B2-20B0-A95E-541F0EBBBD87}.Debug|Any CPU.ActiveCfg = Debug|Any CPU
		{032FB9F3-14B2-20B0-A95E-541F0EBBBD87}.Debug|Any CPU.Build.0 = Debug|Any CPU
		{032FB9F3-14B2-20B0-A95E-541F0EBBBD87}.Release|Any CPU.ActiveCfg = Release|Any CPU
		{032FB9F3-14B2-20B0-A95E-541F0EBBBD87}.Release|Any CPU.Build.0 = Release|Any CPU
		{E43F13DB-40D5-D0DD-4840-281B27B9AB4C}.Debug|Any CPU.ActiveCfg = Debug|Any CPU
		{E43F13DB-40D5-D0DD-4840-281B27B9AB4C}.Debug|Any CPU.Build.0 = Debug|Any CPU
		{E43F13DB-40D5-D0DD-4840-281B27B9AB4C}.Release|Any CPU.ActiveCfg = Release|Any CPU
		{E43F13DB-40D5-D0DD-4840-281B27B9AB4C}.Release|Any CPU.Build.0 = Release|Any CPU
		{E81CD1D3-F26C-DD6D-78CC-CE1DBD9BFC6D}.Debug|Any CPU.ActiveCfg = Debug|Any CPU
		{E81CD1D3-F26C-DD6D-78CC-CE1DBD9BFC6D}.Debug|Any CPU.Build.0 = Debug|Any CPU
		{E81CD1D3-F26C-DD6D-78CC-CE1DBD9BFC6D}.Release|Any CPU.ActiveCfg = Release|Any CPU
		{E81CD1D3-F26C-DD6D-78CC-CE1DBD9BFC6D}.Release|Any CPU.Build.0 = Release|Any CPU
		{520EF616-9462-74E1-8C22-F8F2FBA09230}.Debug|Any CPU.ActiveCfg = Debug|Any CPU
		{520EF616-9462-74E1-8C22-F8F2FBA09230}.Debug|Any CPU.Build.0 = Debug|Any CPU
		{520EF616-9462-74E1-8C22-F8F2FBA09230}.Release|Any CPU.ActiveCfg = Release|Any CPU
		{520EF616-9462-74E1-8C22-F8F2FBA09230}.Release|Any CPU.Build.0 = Release|Any CPU
		{A73E67D2-4F2D-0CC6-4949-1961BDEFE43D}.Debug|Any CPU.ActiveCfg = Debug|Any CPU
		{A73E67D2-4F2D-0CC6-4949-1961BDEFE43D}.Debug|Any CPU.Build.0 = Debug|Any CPU
		{A73E67D2-4F2D-0CC6-4949-1961BDEFE43D}.Release|Any CPU.ActiveCfg = Release|Any CPU
		{A73E67D2-4F2D-0CC6-4949-1961BDEFE43D}.Release|Any CPU.Build.0 = Release|Any CPU
		{05057281-042F-70B2-EECC-FA250FA04B12}.Debug|Any CPU.ActiveCfg = Debug|Any CPU
		{05057281-042F-70B2-EECC-FA250FA04B12}.Debug|Any CPU.Build.0 = Debug|Any CPU
		{05057281-042F-70B2-EECC-FA250FA04B12}.Release|Any CPU.ActiveCfg = Release|Any CPU
		{05057281-042F-70B2-EECC-FA250FA04B12}.Release|Any CPU.Build.0 = Release|Any CPU
		{1CEBE01F-710E-3E42-DD5E-356949993BF4}.Debug|Any CPU.ActiveCfg = Debug|Any CPU
		{1CEBE01F-710E-3E42-DD5E-356949993BF4}.Debug|Any CPU.Build.0 = Debug|Any CPU
		{1CEBE01F-710E-3E42-DD5E-356949993BF4}.Release|Any CPU.ActiveCfg = Release|Any CPU
		{1CEBE01F-710E-3E42-DD5E-356949993BF4}.Release|Any CPU.Build.0 = Release|Any CPU
		{AF4CB734-1E00-DB0A-1E3F-847C84078CF6}.Debug|Any CPU.ActiveCfg = Debug|Any CPU
		{AF4CB734-1E00-DB0A-1E3F-847C84078CF6}.Debug|Any CPU.Build.0 = Debug|Any CPU
		{AF4CB734-1E00-DB0A-1E3F-847C84078CF6}.Release|Any CPU.ActiveCfg = Release|Any CPU
		{AF4CB734-1E00-DB0A-1E3F-847C84078CF6}.Release|Any CPU.Build.0 = Release|Any CPU
		{0CA2C2E4-3187-B240-E9F6-E053805852AD}.Debug|Any CPU.ActiveCfg = Debug|Any CPU
		{0CA2C2E4-3187-B240-E9F6-E053805852AD}.Debug|Any CPU.Build.0 = Debug|Any CPU
		{0CA2C2E4-3187-B240-E9F6-E053805852AD}.Release|Any CPU.ActiveCfg = Release|Any CPU
		{0CA2C2E4-3187-B240-E9F6-E053805852AD}.Release|Any CPU.Build.0 = Release|Any CPU
		{C8D0FF0E-CA5D-D365-BBAA-32AD33470D1B}.Debug|Any CPU.ActiveCfg = Debug|Any CPU
		{C8D0FF0E-CA5D-D365-BBAA-32AD33470D1B}.Debug|Any CPU.Build.0 = Debug|Any CPU
		{C8D0FF0E-CA5D-D365-BBAA-32AD33470D1B}.Release|Any CPU.ActiveCfg = Release|Any CPU
		{C8D0FF0E-CA5D-D365-BBAA-32AD33470D1B}.Release|Any CPU.Build.0 = Release|Any CPU
		{FFDAE412-E36A-D8E5-E8FE-0BFC5EC9B20D}.Debug|Any CPU.ActiveCfg = Debug|Any CPU
		{FFDAE412-E36A-D8E5-E8FE-0BFC5EC9B20D}.Debug|Any CPU.Build.0 = Debug|Any CPU
		{FFDAE412-E36A-D8E5-E8FE-0BFC5EC9B20D}.Release|Any CPU.ActiveCfg = Release|Any CPU
		{FFDAE412-E36A-D8E5-E8FE-0BFC5EC9B20D}.Release|Any CPU.Build.0 = Release|Any CPU
		{54B37579-F813-2FB9-1318-B57FE9187822}.Debug|Any CPU.ActiveCfg = Debug|Any CPU
		{54B37579-F813-2FB9-1318-B57FE9187822}.Debug|Any CPU.Build.0 = Debug|Any CPU
		{54B37579-F813-2FB9-1318-B57FE9187822}.Release|Any CPU.ActiveCfg = Release|Any CPU
		{54B37579-F813-2FB9-1318-B57FE9187822}.Release|Any CPU.Build.0 = Release|Any CPU
		{11E51114-9A99-F316-F962-9D86F0FB8E1A}.Debug|Any CPU.ActiveCfg = Debug|Any CPU
		{11E51114-9A99-F316-F962-9D86F0FB8E1A}.Debug|Any CPU.Build.0 = Debug|Any CPU
		{11E51114-9A99-F316-F962-9D86F0FB8E1A}.Release|Any CPU.ActiveCfg = Release|Any CPU
		{11E51114-9A99-F316-F962-9D86F0FB8E1A}.Release|Any CPU.Build.0 = Release|Any CPU
		{32BA6AC0-E795-E71A-B0DE-C1D7DEBAFB5C}.Debug|Any CPU.ActiveCfg = Debug|Any CPU
		{32BA6AC0-E795-E71A-B0DE-C1D7DEBAFB5C}.Debug|Any CPU.Build.0 = Debug|Any CPU
		{32BA6AC0-E795-E71A-B0DE-C1D7DEBAFB5C}.Release|Any CPU.ActiveCfg = Release|Any CPU
		{32BA6AC0-E795-E71A-B0DE-C1D7DEBAFB5C}.Release|Any CPU.Build.0 = Release|Any CPU
		{7252F624-CE96-A7C1-32C8-8FCA42DE7F10}.Debug|Any CPU.ActiveCfg = Debug|Any CPU
		{7252F624-CE96-A7C1-32C8-8FCA42DE7F10}.Debug|Any CPU.Build.0 = Debug|Any CPU
		{7252F624-CE96-A7C1-32C8-8FCA42DE7F10}.Release|Any CPU.ActiveCfg = Release|Any CPU
		{7252F624-CE96-A7C1-32C8-8FCA42DE7F10}.Release|Any CPU.Build.0 = Release|Any CPU
		{8FCF008C-290F-F56D-F68C-6DF81820DC26}.Debug|Any CPU.ActiveCfg = Debug|Any CPU
		{8FCF008C-290F-F56D-F68C-6DF81820DC26}.Debug|Any CPU.Build.0 = Debug|Any CPU
		{8FCF008C-290F-F56D-F68C-6DF81820DC26}.Release|Any CPU.ActiveCfg = Release|Any CPU
		{8FCF008C-290F-F56D-F68C-6DF81820DC26}.Release|Any CPU.Build.0 = Release|Any CPU
		{5E71EF7B-C95A-14F5-EF07-7427ADC66680}.Debug|Any CPU.ActiveCfg = Debug|Any CPU
		{5E71EF7B-C95A-14F5-EF07-7427ADC66680}.Debug|Any CPU.Build.0 = Debug|Any CPU
		{5E71EF7B-C95A-14F5-EF07-7427ADC66680}.Release|Any CPU.ActiveCfg = Release|Any CPU
		{5E71EF7B-C95A-14F5-EF07-7427ADC66680}.Release|Any CPU.Build.0 = Release|Any CPU
		{76118A77-8C08-979E-CB7D-297C1129A7E7}.Debug|Any CPU.ActiveCfg = Debug|Any CPU
		{76118A77-8C08-979E-CB7D-297C1129A7E7}.Debug|Any CPU.Build.0 = Debug|Any CPU
		{76118A77-8C08-979E-CB7D-297C1129A7E7}.Release|Any CPU.ActiveCfg = Release|Any CPU
		{76118A77-8C08-979E-CB7D-297C1129A7E7}.Release|Any CPU.Build.0 = Release|Any CPU
		{A959F665-9695-7812-F14C-CD86ED4830F9}.Debug|Any CPU.ActiveCfg = Debug|Any CPU
		{A959F665-9695-7812-F14C-CD86ED4830F9}.Debug|Any CPU.Build.0 = Debug|Any CPU
		{A959F665-9695-7812-F14C-CD86ED4830F9}.Release|Any CPU.ActiveCfg = Release|Any CPU
		{A959F665-9695-7812-F14C-CD86ED4830F9}.Release|Any CPU.Build.0 = Release|Any CPU
		{5200C0DA-B28B-6664-5BA4-9CE9C44C5BF2}.Debug|Any CPU.ActiveCfg = Debug|Any CPU
		{5200C0DA-B28B-6664-5BA4-9CE9C44C5BF2}.Debug|Any CPU.Build.0 = Debug|Any CPU
		{5200C0DA-B28B-6664-5BA4-9CE9C44C5BF2}.Release|Any CPU.ActiveCfg = Release|Any CPU
		{5200C0DA-B28B-6664-5BA4-9CE9C44C5BF2}.Release|Any CPU.Build.0 = Release|Any CPU
		{800C0FFB-8445-4823-84A0-CDD53E91860D}.Debug|Any CPU.ActiveCfg = Debug|Any CPU
		{800C0FFB-8445-4823-84A0-CDD53E91860D}.Debug|Any CPU.Build.0 = Debug|Any CPU
		{800C0FFB-8445-4823-84A0-CDD53E91860D}.Release|Any CPU.ActiveCfg = Release|Any CPU
		{800C0FFB-8445-4823-84A0-CDD53E91860D}.Release|Any CPU.Build.0 = Release|Any CPU
		{79A8C401-E396-21ED-DEB8-8C0F53FDBDD6}.Debug|Any CPU.ActiveCfg = Debug|Any CPU
		{79A8C401-E396-21ED-DEB8-8C0F53FDBDD6}.Debug|Any CPU.Build.0 = Debug|Any CPU
		{79A8C401-E396-21ED-DEB8-8C0F53FDBDD6}.Release|Any CPU.ActiveCfg = Release|Any CPU
		{79A8C401-E396-21ED-DEB8-8C0F53FDBDD6}.Release|Any CPU.Build.0 = Release|Any CPU
		{CC663FF3-81A3-4210-0DE8-D4BFBB4F26A9}.Debug|Any CPU.ActiveCfg = Debug|Any CPU
		{CC663FF3-81A3-4210-0DE8-D4BFBB4F26A9}.Debug|Any CPU.Build.0 = Debug|Any CPU
		{CC663FF3-81A3-4210-0DE8-D4BFBB4F26A9}.Release|Any CPU.ActiveCfg = Release|Any CPU
		{CC663FF3-81A3-4210-0DE8-D4BFBB4F26A9}.Release|Any CPU.Build.0 = Release|Any CPU
		{D7B7FDF1-2B63-34A2-4BEB-7F2CC01128AE}.Debug|Any CPU.ActiveCfg = Debug|Any CPU
		{D7B7FDF1-2B63-34A2-4BEB-7F2CC01128AE}.Debug|Any CPU.Build.0 = Debug|Any CPU
		{D7B7FDF1-2B63-34A2-4BEB-7F2CC01128AE}.Release|Any CPU.ActiveCfg = Release|Any CPU
		{D7B7FDF1-2B63-34A2-4BEB-7F2CC01128AE}.Release|Any CPU.Build.0 = Release|Any CPU
		{6EF4BEE5-7211-CD3D-31CF-767FFAE9AEF0}.Debug|Any CPU.ActiveCfg = Debug|Any CPU
		{6EF4BEE5-7211-CD3D-31CF-767FFAE9AEF0}.Debug|Any CPU.Build.0 = Debug|Any CPU
		{6EF4BEE5-7211-CD3D-31CF-767FFAE9AEF0}.Release|Any CPU.ActiveCfg = Release|Any CPU
		{6EF4BEE5-7211-CD3D-31CF-767FFAE9AEF0}.Release|Any CPU.Build.0 = Release|Any CPU
		{5C54B6E2-B7CC-8908-BB80-5815B9A23759}.Debug|Any CPU.ActiveCfg = Debug|Any CPU
		{5C54B6E2-B7CC-8908-BB80-5815B9A23759}.Debug|Any CPU.Build.0 = Debug|Any CPU
		{5C54B6E2-B7CC-8908-BB80-5815B9A23759}.Release|Any CPU.ActiveCfg = Release|Any CPU
		{5C54B6E2-B7CC-8908-BB80-5815B9A23759}.Release|Any CPU.Build.0 = Release|Any CPU
		{ACF447C1-712A-4C27-F1F4-8D05496F625E}.Debug|Any CPU.ActiveCfg = Debug|Any CPU
		{ACF447C1-712A-4C27-F1F4-8D05496F625E}.Debug|Any CPU.Build.0 = Debug|Any CPU
		{ACF447C1-712A-4C27-F1F4-8D05496F625E}.Release|Any CPU.ActiveCfg = Release|Any CPU
		{ACF447C1-712A-4C27-F1F4-8D05496F625E}.Release|Any CPU.Build.0 = Release|Any CPU
		{6DE0F64A-6966-8F26-9BD6-17D8EAEA7D0B}.Debug|Any CPU.ActiveCfg = Debug|Any CPU
		{6DE0F64A-6966-8F26-9BD6-17D8EAEA7D0B}.Debug|Any CPU.Build.0 = Debug|Any CPU
		{6DE0F64A-6966-8F26-9BD6-17D8EAEA7D0B}.Release|Any CPU.ActiveCfg = Release|Any CPU
		{6DE0F64A-6966-8F26-9BD6-17D8EAEA7D0B}.Release|Any CPU.Build.0 = Release|Any CPU
		{A5EA2787-D454-4603-2CAF-5B80C5A12291}.Debug|Any CPU.ActiveCfg = Debug|Any CPU
		{A5EA2787-D454-4603-2CAF-5B80C5A12291}.Debug|Any CPU.Build.0 = Debug|Any CPU
		{A5EA2787-D454-4603-2CAF-5B80C5A12291}.Release|Any CPU.ActiveCfg = Release|Any CPU
		{A5EA2787-D454-4603-2CAF-5B80C5A12291}.Release|Any CPU.Build.0 = Release|Any CPU
		{1C060FA2-C799-477E-F320-F38C89159366}.Debug|Any CPU.ActiveCfg = Debug|Any CPU
		{1C060FA2-C799-477E-F320-F38C89159366}.Debug|Any CPU.Build.0 = Debug|Any CPU
		{1C060FA2-C799-477E-F320-F38C89159366}.Release|Any CPU.ActiveCfg = Release|Any CPU
		{1C060FA2-C799-477E-F320-F38C89159366}.Release|Any CPU.Build.0 = Release|Any CPU
		{A64C99F8-931F-B65B-9B5C-54790A955954}.Debug|Any CPU.ActiveCfg = Debug|Any CPU
		{A64C99F8-931F-B65B-9B5C-54790A955954}.Debug|Any CPU.Build.0 = Debug|Any CPU
		{A64C99F8-931F-B65B-9B5C-54790A955954}.Release|Any CPU.ActiveCfg = Release|Any CPU
		{A64C99F8-931F-B65B-9B5C-54790A955954}.Release|Any CPU.Build.0 = Release|Any CPU
		{5D9CF6EC-9945-E235-A6E2-B28006019617}.Debug|Any CPU.ActiveCfg = Debug|Any CPU
		{5D9CF6EC-9945-E235-A6E2-B28006019617}.Debug|Any CPU.Build.0 = Debug|Any CPU
		{5D9CF6EC-9945-E235-A6E2-B28006019617}.Release|Any CPU.ActiveCfg = Release|Any CPU
		{5D9CF6EC-9945-E235-A6E2-B28006019617}.Release|Any CPU.Build.0 = Release|Any CPU
		{7842E802-4700-E9F3-6EE7-C442252448A7}.Debug|Any CPU.ActiveCfg = Debug|Any CPU
		{7842E802-4700-E9F3-6EE7-C442252448A7}.Debug|Any CPU.Build.0 = Debug|Any CPU
		{7842E802-4700-E9F3-6EE7-C442252448A7}.Release|Any CPU.ActiveCfg = Release|Any CPU
		{7842E802-4700-E9F3-6EE7-C442252448A7}.Release|Any CPU.Build.0 = Release|Any CPU
		{CD6C0EE0-EC76-8C14-57B1-6698ECBE396B}.Debug|Any CPU.ActiveCfg = Debug|Any CPU
		{CD6C0EE0-EC76-8C14-57B1-6698ECBE396B}.Debug|Any CPU.Build.0 = Debug|Any CPU
		{CD6C0EE0-EC76-8C14-57B1-6698ECBE396B}.Release|Any CPU.ActiveCfg = Release|Any CPU
		{CD6C0EE0-EC76-8C14-57B1-6698ECBE396B}.Release|Any CPU.Build.0 = Release|Any CPU
		{88119E07-EBCC-E9D2-1592-F55420C271C4}.Debug|Any CPU.ActiveCfg = Debug|Any CPU
		{88119E07-EBCC-E9D2-1592-F55420C271C4}.Debug|Any CPU.Build.0 = Debug|Any CPU
		{88119E07-EBCC-E9D2-1592-F55420C271C4}.Release|Any CPU.ActiveCfg = Release|Any CPU
		{88119E07-EBCC-E9D2-1592-F55420C271C4}.Release|Any CPU.Build.0 = Release|Any CPU
		{337E21CD-0DCE-64F5-6D25-05B12CDE1272}.Debug|Any CPU.ActiveCfg = Debug|Any CPU
		{337E21CD-0DCE-64F5-6D25-05B12CDE1272}.Debug|Any CPU.Build.0 = Debug|Any CPU
		{337E21CD-0DCE-64F5-6D25-05B12CDE1272}.Release|Any CPU.ActiveCfg = Release|Any CPU
		{337E21CD-0DCE-64F5-6D25-05B12CDE1272}.Release|Any CPU.Build.0 = Release|Any CPU
		{1F21AFF8-D0B4-A428-8D36-F37481FCD4F4}.Debug|Any CPU.ActiveCfg = Debug|Any CPU
		{1F21AFF8-D0B4-A428-8D36-F37481FCD4F4}.Debug|Any CPU.Build.0 = Debug|Any CPU
		{1F21AFF8-D0B4-A428-8D36-F37481FCD4F4}.Release|Any CPU.ActiveCfg = Release|Any CPU
		{1F21AFF8-D0B4-A428-8D36-F37481FCD4F4}.Release|Any CPU.Build.0 = Release|Any CPU
		{EE486AC0-11D3-5E16-7DA4-5071105999D1}.Debug|Any CPU.ActiveCfg = Debug|Any CPU
		{EE486AC0-11D3-5E16-7DA4-5071105999D1}.Debug|Any CPU.Build.0 = Debug|Any CPU
		{EE486AC0-11D3-5E16-7DA4-5071105999D1}.Release|Any CPU.ActiveCfg = Release|Any CPU
		{EE486AC0-11D3-5E16-7DA4-5071105999D1}.Release|Any CPU.Build.0 = Release|Any CPU
		{27023944-E0CB-9488-C834-6DE0641DE012}.Debug|Any CPU.ActiveCfg = Debug|Any CPU
		{27023944-E0CB-9488-C834-6DE0641DE012}.Debug|Any CPU.Build.0 = Debug|Any CPU
		{27023944-E0CB-9488-C834-6DE0641DE012}.Release|Any CPU.ActiveCfg = Release|Any CPU
		{27023944-E0CB-9488-C834-6DE0641DE012}.Release|Any CPU.Build.0 = Release|Any CPU
		{E4C1BF15-1E47-0C55-490D-16C633F5330D}.Debug|Any CPU.ActiveCfg = Debug|Any CPU
		{E4C1BF15-1E47-0C55-490D-16C633F5330D}.Debug|Any CPU.Build.0 = Debug|Any CPU
		{E4C1BF15-1E47-0C55-490D-16C633F5330D}.Release|Any CPU.ActiveCfg = Release|Any CPU
		{E4C1BF15-1E47-0C55-490D-16C633F5330D}.Release|Any CPU.Build.0 = Release|Any CPU
		{A1083ABF-6EF4-B463-EF87-B448BEED0EE1}.Debug|Any CPU.ActiveCfg = Debug|Any CPU
		{A1083ABF-6EF4-B463-EF87-B448BEED0EE1}.Debug|Any CPU.Build.0 = Debug|Any CPU
		{A1083ABF-6EF4-B463-EF87-B448BEED0EE1}.Release|Any CPU.ActiveCfg = Release|Any CPU
		{A1083ABF-6EF4-B463-EF87-B448BEED0EE1}.Release|Any CPU.Build.0 = Release|Any CPU
	EndGlobalSection
	GlobalSection(SolutionProperties) = preSolution
		HideSolutionNode = FALSE
	EndGlobalSection
	GlobalSection(NestedProjects) = preSolution
		{291DF0AF-3910-4274-8D66-E1DE28A871CC} = {02EA681E-C7D8-13C7-8484-4AC65E1B71E8}
		{AF780218-59FD-4B71-9B7B-3040408B0C01} = {02EA681E-C7D8-13C7-8484-4AC65E1B71E8}
		{75616A5E-1B16-4B51-A2AD-DC11BAE91D11} = {02EA681E-C7D8-13C7-8484-4AC65E1B71E8}
		{838BB0FA-BFA7-4679-83E2-195E29AF7EE1} = {291DF0AF-3910-4274-8D66-E1DE28A871CC}
		{454864A6-E8CE-420C-8F15-0BB5C41B9541} = {291DF0AF-3910-4274-8D66-E1DE28A871CC}
		{32D201CB-FFBB-52FF-828A-E11DEF1F27EE} = {838BB0FA-BFA7-4679-83E2-195E29AF7EE1}
		{FCE879B0-216A-7969-2523-3CB22A3F6C14} = {838BB0FA-BFA7-4679-83E2-195E29AF7EE1}
		{60B49632-7A8C-2B32-54F7-964EB1401B9F} = {838BB0FA-BFA7-4679-83E2-195E29AF7EE1}
		{8B88975A-1397-F949-2BED-96AF345AB303} = {6DE7D8F1-6AAB-4A26-BCF1-3C50803A4B5C}
		{352C098B-5AEE-2D31-B8BD-A0766BCCE722} = {6DE7D8F1-6AAB-4A26-BCF1-3C50803A4B5C}
		{6DE7D8F1-6AAB-4A26-BCF1-3C50803A4B5C} = {454864A6-E8CE-420C-8F15-0BB5C41B9541}
		{222F6311-851D-48CB-94F9-4E220CEA8B6E} = {454864A6-E8CE-420C-8F15-0BB5C41B9541}
		{99FA331F-A8A2-96E4-860A-11B2077081AC} = {222F6311-851D-48CB-94F9-4E220CEA8B6E}
		{4893DA41-28DE-59D6-E8E9-A16CE4E2E787} = {222F6311-851D-48CB-94F9-4E220CEA8B6E}
		{C95B9939-A850-4352-9F9D-1B7C7D043886} = {AF780218-59FD-4B71-9B7B-3040408B0C01}
		{07F79BC8-26EC-DFC1-815B-B026BDA3911F} = {C95B9939-A850-4352-9F9D-1B7C7D043886}
		{50DD9243-2BC0-DFCC-E0D8-2150D1D74F58} = {C95B9939-A850-4352-9F9D-1B7C7D043886}
		{421E357C-CFBC-D4F0-E44A-63EC325591AD} = {C95B9939-A850-4352-9F9D-1B7C7D043886}
		{3E2BAD0C-8E24-4F08-8242-97A940939926} = {AF780218-59FD-4B71-9B7B-3040408B0C01}
		{64601C84-8C7D-4D04-B862-527A760BD684} = {3E2BAD0C-8E24-4F08-8242-97A940939926}
		{E4462A6C-FCB5-4A8A-97BC-2CD3B8790325} = {3E2BAD0C-8E24-4F08-8242-97A940939926}
		{50C8B03C-05F9-4EDA-AF62-9A3BCE434C24} = {AF780218-59FD-4B71-9B7B-3040408B0C01}
		{5A1E5974-6450-4F57-B9C4-6DEA41731BD1} = {E4462A6C-FCB5-4A8A-97BC-2CD3B8790325}
		{778DA7C1-A650-429C-A234-3F6BEA6DAA1C} = {E4462A6C-FCB5-4A8A-97BC-2CD3B8790325}
		{E959FA85-7662-40BB-A210-1DF1655F82F6} = {E4462A6C-FCB5-4A8A-97BC-2CD3B8790325}
		{9B6DDC8B-7DD9-423F-8BEF-E1822F96A4BF} = {64601C84-8C7D-4D04-B862-527A760BD684}
		{400E2E39-F7DB-4A50-B20B-E9D7656FBEA5} = {64601C84-8C7D-4D04-B862-527A760BD684}
		{B427E845-43F5-4D1D-847A-143A2C861EF5} = {64601C84-8C7D-4D04-B862-527A760BD684}
		{51300405-5343-4CBC-98D1-69B276E52982} = {75616A5E-1B16-4B51-A2AD-DC11BAE91D11}
		{10685981-893C-42DF-985E-8C4A32ED5ECD} = {75616A5E-1B16-4B51-A2AD-DC11BAE91D11}
		{C9955F5F-D0BA-42B4-9373-9110E38A2C6A} = {75616A5E-1B16-4B51-A2AD-DC11BAE91D11}
		{74FAEBBF-4D26-4800-AFD1-C4EB816BA874} = {51300405-5343-4CBC-98D1-69B276E52982}
		{5A6F8BB8-1A32-4D8B-8190-31BB47FA91AB} = {10685981-893C-42DF-985E-8C4A32ED5ECD}
		{CF212254-0BAC-45F0-A8F3-E3D072285E79} = {C9955F5F-D0BA-42B4-9373-9110E38A2C6A}
		{7AF023DD-8641-4F13-B8D1-21C7B520BB40} = {51300405-5343-4CBC-98D1-69B276E52982}
		{DF4071EC-BFDA-4694-A997-AE1F7D27C682} = {10685981-893C-42DF-985E-8C4A32ED5ECD}
		{242A63CD-ED8B-4200-87F2-5D33E70F16F1} = {C9955F5F-D0BA-42B4-9373-9110E38A2C6A}
		{423A2025-7B34-44AA-9B92-1FE0E95939F8} = {7AF023DD-8641-4F13-B8D1-21C7B520BB40}
		{4D90E419-B567-49A7-A591-BD90B17FD891} = {7AF023DD-8641-4F13-B8D1-21C7B520BB40}
		{CFE0C339-2289-4278-A2E2-61070F7B9E4B} = {DF4071EC-BFDA-4694-A997-AE1F7D27C682}
		{2B1A7F2A-4F63-4032-881E-0F9502C9AA2B} = {DF4071EC-BFDA-4694-A997-AE1F7D27C682}
		{F58C4BC4-8F29-4535-8F85-844E7B484A6A} = {242A63CD-ED8B-4200-87F2-5D33E70F16F1}
		{6573B514-8DC6-4056-9911-794A30FDF0CE} = {242A63CD-ED8B-4200-87F2-5D33E70F16F1}
		{713FB884-E653-DF07-61D6-722FD8567D30} = {74FAEBBF-4D26-4800-AFD1-C4EB816BA874}
		{2358AB2A-2957-083C-95E5-D71EAFA71D6D} = {74FAEBBF-4D26-4800-AFD1-C4EB816BA874}
		{09E7A662-E0CF-3545-3243-2014F9717B07} = {74FAEBBF-4D26-4800-AFD1-C4EB816BA874}
		{78DBAB4E-9327-8C9B-A0BD-A7B772DC0435} = {423A2025-7B34-44AA-9B92-1FE0E95939F8}
		{76848E13-438F-7374-38F4-8492914B8FDF} = {423A2025-7B34-44AA-9B92-1FE0E95939F8}
		{68C44E80-D2BC-69D5-2062-DCBC03F4B0BA} = {423A2025-7B34-44AA-9B92-1FE0E95939F8}
		{A487E753-05A0-0287-BE5B-1E30025058DE} = {4D90E419-B567-49A7-A591-BD90B17FD891}
		{5A34231C-68A6-0614-C21F-112237AFD3BF} = {4D90E419-B567-49A7-A591-BD90B17FD891}
		{410D8493-4B77-0CA5-5452-0DEAD4E99DC1} = {4D90E419-B567-49A7-A591-BD90B17FD891}
		{F74D0F1B-ED2A-2D29-C010-19C4174E100C} = {5A6F8BB8-1A32-4D8B-8190-31BB47FA91AB}
		{032FB9F3-14B2-20B0-A95E-541F0EBBBD87} = {5A6F8BB8-1A32-4D8B-8190-31BB47FA91AB}
		{E43F13DB-40D5-D0DD-4840-281B27B9AB4C} = {5A6F8BB8-1A32-4D8B-8190-31BB47FA91AB}
		{E81CD1D3-F26C-DD6D-78CC-CE1DBD9BFC6D} = {CFE0C339-2289-4278-A2E2-61070F7B9E4B}
		{520EF616-9462-74E1-8C22-F8F2FBA09230} = {CFE0C339-2289-4278-A2E2-61070F7B9E4B}
		{A73E67D2-4F2D-0CC6-4949-1961BDEFE43D} = {CFE0C339-2289-4278-A2E2-61070F7B9E4B}
		{05057281-042F-70B2-EECC-FA250FA04B12} = {2B1A7F2A-4F63-4032-881E-0F9502C9AA2B}
		{1CEBE01F-710E-3E42-DD5E-356949993BF4} = {2B1A7F2A-4F63-4032-881E-0F9502C9AA2B}
		{AF4CB734-1E00-DB0A-1E3F-847C84078CF6} = {2B1A7F2A-4F63-4032-881E-0F9502C9AA2B}
		{0CA2C2E4-3187-B240-E9F6-E053805852AD} = {CF212254-0BAC-45F0-A8F3-E3D072285E79}
		{C8D0FF0E-CA5D-D365-BBAA-32AD33470D1B} = {CF212254-0BAC-45F0-A8F3-E3D072285E79}
		{FFDAE412-E36A-D8E5-E8FE-0BFC5EC9B20D} = {CF212254-0BAC-45F0-A8F3-E3D072285E79}
		{54B37579-F813-2FB9-1318-B57FE9187822} = {CF212254-0BAC-45F0-A8F3-E3D072285E79}
		{11E51114-9A99-F316-F962-9D86F0FB8E1A} = {CF212254-0BAC-45F0-A8F3-E3D072285E79}
		{32BA6AC0-E795-E71A-B0DE-C1D7DEBAFB5C} = {F58C4BC4-8F29-4535-8F85-844E7B484A6A}
		{7252F624-CE96-A7C1-32C8-8FCA42DE7F10} = {F58C4BC4-8F29-4535-8F85-844E7B484A6A}
		{8FCF008C-290F-F56D-F68C-6DF81820DC26} = {6573B514-8DC6-4056-9911-794A30FDF0CE}
		{5E71EF7B-C95A-14F5-EF07-7427ADC66680} = {6573B514-8DC6-4056-9911-794A30FDF0CE}
		{F1243A01-B8CE-4F57-A090-64E0845651DC} = {447D70A2-1B2F-4191-9419-4B59B31AC81B}
		{707B3AB2-C82C-46C6-922B-CE5ED07E8A30} = {447D70A2-1B2F-4191-9419-4B59B31AC81B}
		{76118A77-8C08-979E-CB7D-297C1129A7E7} = {F1243A01-B8CE-4F57-A090-64E0845651DC}
		{A959F665-9695-7812-F14C-CD86ED4830F9} = {F1243A01-B8CE-4F57-A090-64E0845651DC}
		{5200C0DA-B28B-6664-5BA4-9CE9C44C5BF2} = {707B3AB2-C82C-46C6-922B-CE5ED07E8A30}
		{800C0FFB-8445-4823-84A0-CDD53E91860D} = {707B3AB2-C82C-46C6-922B-CE5ED07E8A30}
		{79A8C401-E396-21ED-DEB8-8C0F53FDBDD6} = {707B3AB2-C82C-46C6-922B-CE5ED07E8A30}
		{C1C4B4C5-2549-4D6F-9AF4-0EA97760F8D3} = {447D70A2-1B2F-4191-9419-4B59B31AC81B}
		{CC663FF3-81A3-4210-0DE8-D4BFBB4F26A9} = {C1C4B4C5-2549-4D6F-9AF4-0EA97760F8D3}
		{D7B7FDF1-2B63-34A2-4BEB-7F2CC01128AE} = {C1C4B4C5-2549-4D6F-9AF4-0EA97760F8D3}
		{6EF4BEE5-7211-CD3D-31CF-767FFAE9AEF0} = {C1C4B4C5-2549-4D6F-9AF4-0EA97760F8D3}
		{B2EFD8F0-F2E7-43A5-B04F-4B45AFF1470F} = {02EA681E-C7D8-13C7-8484-4AC65E1B71E8}
		{5C54B6E2-B7CC-8908-BB80-5815B9A23759} = {4D4BE594-9438-47C1-9C7E-E1A16226D5AB}
		{ACF447C1-712A-4C27-F1F4-8D05496F625E} = {615CE4CB-9A77-4619-BFB0-55CC072F2356}
		{6DE0F64A-6966-8F26-9BD6-17D8EAEA7D0B} = {3DB95844-C61E-4EB4-95A9-106579D1BB9F}
		{3DB95844-C61E-4EB4-95A9-106579D1BB9F} = {B2EFD8F0-F2E7-43A5-B04F-4B45AFF1470F}
		{4751FA60-F773-4ED0-89CE-B8F0039C4C93} = {B2EFD8F0-F2E7-43A5-B04F-4B45AFF1470F}
		{4D4BE594-9438-47C1-9C7E-E1A16226D5AB} = {4751FA60-F773-4ED0-89CE-B8F0039C4C93}
		{615CE4CB-9A77-4619-BFB0-55CC072F2356} = {4751FA60-F773-4ED0-89CE-B8F0039C4C93}
		{6008B957-E96D-4DD8-AE9A-5B406B49A614} = {15C75682-7DA1-4D55-B6E1-6EA8B7CCBEBF}
		{8BCE59A6-5C82-4B71-840E-007B0BFF0F09} = {15C75682-7DA1-4D55-B6E1-6EA8B7CCBEBF}
		{A5EA2787-D454-4603-2CAF-5B80C5A12291} = {6008B957-E96D-4DD8-AE9A-5B406B49A614}
		{1C060FA2-C799-477E-F320-F38C89159366} = {6008B957-E96D-4DD8-AE9A-5B406B49A614}
		{A64C99F8-931F-B65B-9B5C-54790A955954} = {6008B957-E96D-4DD8-AE9A-5B406B49A614}
		{5D9CF6EC-9945-E235-A6E2-B28006019617} = {6008B957-E96D-4DD8-AE9A-5B406B49A614}
		{7842E802-4700-E9F3-6EE7-C442252448A7} = {6008B957-E96D-4DD8-AE9A-5B406B49A614}
		{15C75682-7DA1-4D55-B6E1-6EA8B7CCBEBF} = {1463F9BD-639D-4CAA-B2E6-6DCA2A95BA55}
		{CD6C0EE0-EC76-8C14-57B1-6698ECBE396B} = {8BCE59A6-5C82-4B71-840E-007B0BFF0F09}
		{88119E07-EBCC-E9D2-1592-F55420C271C4} = {8BCE59A6-5C82-4B71-840E-007B0BFF0F09}
		{337E21CD-0DCE-64F5-6D25-05B12CDE1272} = {8BCE59A6-5C82-4B71-840E-007B0BFF0F09}
		{1F21AFF8-D0B4-A428-8D36-F37481FCD4F4} = {8BCE59A6-5C82-4B71-840E-007B0BFF0F09}
		{A80429D8-20C7-4143-AE9A-14A5F9ED536C} = {1463F9BD-639D-4CAA-B2E6-6DCA2A95BA55}
		{44CD81C2-3560-45D5-8249-347C94486F87} = {A80429D8-20C7-4143-AE9A-14A5F9ED536C}
		{866E8A6F-2D86-4413-9E07-B7F7EFA308FA} = {A80429D8-20C7-4143-AE9A-14A5F9ED536C}
		{EE486AC0-11D3-5E16-7DA4-5071105999D1} = {866E8A6F-2D86-4413-9E07-B7F7EFA308FA}
		{27023944-E0CB-9488-C834-6DE0641DE012} = {866E8A6F-2D86-4413-9E07-B7F7EFA308FA}
		{E4C1BF15-1E47-0C55-490D-16C633F5330D} = {266610B9-9593-4D30-A860-B5A8226C9C59}
		{A1083ABF-6EF4-B463-EF87-B448BEED0EE1} = {44CD81C2-3560-45D5-8249-347C94486F87}
		{266610B9-9593-4D30-A860-B5A8226C9C59} = {1463F9BD-639D-4CAA-B2E6-6DCA2A95BA55}
	EndGlobalSection
	GlobalSection(ExtensibilityGlobals) = postSolution
		SolutionGuid = {4C9A5D53-7FE6-41D2-BECC-76F48A1A70C0}
	EndGlobalSection
EndGlobal
